PODS:
  - Alamofire (4.8.1)
  - AlamofireImage (3.5.0):
    - Alamofire (~> 4.8)
  - Floaty (4.1.0)
  - lottie-ios (2.5.2)
  - Moya (11.0.2):
    - Moya/Core (= 11.0.2)
  - Moya/Core (11.0.2):
    - Alamofire (~> 4.1)
    - Result (~> 3.0)
  - Result (3.2.4)
  - SwiftLint (0.30.1)

DEPENDENCIES:
  - Alamofire (~> 4.7)
  - AlamofireImage (~> 3.4)
  - Floaty (~> 4.1.0)
  - lottie-ios
  - Moya (~> 11.0)
  - SwiftLint

SPEC REPOS:
  https://github.com/cocoapods/specs.git:
    - Alamofire
    - AlamofireImage
    - Floaty
    - lottie-ios
    - Moya
    - Result
    - SwiftLint

SPEC CHECKSUMS:
  Alamofire: 16ce2c353fb72865124ddae8a57c5942388f4f11
  AlamofireImage: 1aea346f4dda2f6c67622fa5a89fcbb80d79cc16
  Floaty: 1a4e213f3512cf3045ef9cb0c1ff456226d1f66a
  lottie-ios: 3fef45d3fabe63e3c7c2eb603dd64ddfffc73062
  Moya: a725035953bc1c0eb1be505ab903984501d82440
  Result: d2d07204ce72856f1fd9130bbe42c35a7b0fea10
  SwiftLint: a54bf1fe12b55c68560eb2a7689dfc81458508f7

PODFILE CHECKSUM: 9c50e2f3e42ad6bdff10ec7013b5edd4d8eebd71

COCOAPODS: 1.5.3
