PODS:
  - Alamofire (4.7.3)
  - AlamofireImage (3.4.1):
    - Alamofire (~> 4.7)
  - Floaty (4.1.0)
  - Moya (11.0.2):
    - Moya/Core (= 11.0.2)
  - Moya/Core (11.0.2):
    - Alamofire (~> 4.1)
    - Result (~> 3.0)
  - Result (3.2.4)
  - SwiftLint (0.27.0)

DEPENDENCIES:
  - Alamofire (~> 4.7)
  - AlamofireImage (~> 3.4)
  - Floaty (~> 4.1.0)
  - Moya (~> 11.0)
  - SwiftLint

SPEC REPOS:
  https://github.com/cocoapods/specs.git:
    - Alamofire
    - AlamofireImage
    - Floaty
    - Moya
    - Result
    - SwiftLint

SPEC CHECKSUMS:
  Alamofire: c7287b6e5d7da964a70935e5db17046b7fde6568
  AlamofireImage: 78d67ccbb763d87ba44b21583d2153500a195630
  Floaty: 1a4e213f3512cf3045ef9cb0c1ff456226d1f66a
  Moya: a725035953bc1c0eb1be505ab903984501d82440
  Result: d2d07204ce72856f1fd9130bbe42c35a7b0fea10
  SwiftLint: 3207c1faa2240bf8973b191820a116113cd11073

PODFILE CHECKSUM: bc0146ab1fe8b3832737ac88a1b95e1f51cf4054

COCOAPODS: 1.5.3
