// !$*UTF8*$!
{
	archiveVersion = 1;
	classes = {
	};
	objectVersion = 50;
	objects = {

/* Begin PBXBuildFile section */
		BE2CF225220E7F62007ECCB3 /* PageIndicator.swift in Sources */ = {isa = PBXBuildFile; fileRef = BE2CF224220E7F62007ECCB3 /* PageIndicator.swift */; };
		BE2CF227220E8285007ECCB3 /* FirstSettingWakeUpIVC.swift in Sources */ = {isa = PBXBuildFile; fileRef = BE2CF226220E8285007ECCB3 /* FirstSettingWakeUpIVC.swift */; };
		BE2CF229220E82BC007ECCB3 /* FirstSettingLunchIVC.swift in Sources */ = {isa = PBXBuildFile; fileRef = BE2CF228220E82BC007ECCB3 /* FirstSettingLunchIVC.swift */; };
		BE2CF22B220E82CE007ECCB3 /* FirstSettingDinnerIVC.swift in Sources */ = {isa = PBXBuildFile; fileRef = BE2CF22A220E82CE007ECCB3 /* FirstSettingDinnerIVC.swift */; };
		BE2CF22D220E82DF007ECCB3 /* FirstSettingSleepIVC.swift in Sources */ = {isa = PBXBuildFile; fileRef = BE2CF22C220E82DF007ECCB3 /* FirstSettingSleepIVC.swift */; };
		BE464886221BE67900622CB1 /* logo.json in Resources */ = {isa = PBXBuildFile; fileRef = BE464885221BE67900622CB1 /* logo.json */; };
		BE69C23121FA709C004AC050 /* Assets.xcassets in Resources */ = {isa = PBXBuildFile; fileRef = BE69C23021FA709C004AC050 /* Assets.xcassets */; };
		BE69C23921FA82D3004AC050 /* FirstSettingViewController.storyboard in Resources */ = {isa = PBXBuildFile; fileRef = BE69C23821FA82D3004AC050 /* FirstSettingViewController.storyboard */; };
		BE69C23B21FA82EC004AC050 /* FirstSettingViewController.swift in Sources */ = {isa = PBXBuildFile; fileRef = BE69C23A21FA82EC004AC050 /* FirstSettingViewController.swift */; };
		BE7000C622155E9F0049377D /* TimeView.xib in Resources */ = {isa = PBXBuildFile; fileRef = BE7000C522155E9F0049377D /* TimeView.xib */; };
		BE7000C82215643B0049377D /* TimeView.swift in Sources */ = {isa = PBXBuildFile; fileRef = BE7000C72215643B0049377D /* TimeView.swift */; };
		BE7000D5221576170049377D /* SF-Pro-Display-Medium.otf in Resources */ = {isa = PBXBuildFile; fileRef = BE7000D3221576170049377D /* SF-Pro-Display-Medium.otf */; };
		BE7000D6221576170049377D /* SF-Pro-Display-Light.otf in Resources */ = {isa = PBXBuildFile; fileRef = BE7000D4221576170049377D /* SF-Pro-Display-Light.otf */; };
		BE7000DA22157A960049377D /* HourPickerView.swift in Sources */ = {isa = PBXBuildFile; fileRef = BE7000D922157A960049377D /* HourPickerView.swift */; };
		BE7000DC22157AA50049377D /* MinutePickerView.swift in Sources */ = {isa = PBXBuildFile; fileRef = BE7000DB22157AA50049377D /* MinutePickerView.swift */; };
		BE7000DE22157AB10049377D /* AmPmPickerView.swift in Sources */ = {isa = PBXBuildFile; fileRef = BE7000DD22157AB10049377D /* AmPmPickerView.swift */; };
		BE7000E2221582C80049377D /* Assets.xcassets in Resources */ = {isa = PBXBuildFile; fileRef = BE7000E1221582C70049377D /* Assets.xcassets */; };
		BE7000E52215A2280049377D /* AlarmTime.swift in Sources */ = {isa = PBXBuildFile; fileRef = BE7000E42215A2280049377D /* AlarmTime.swift */; };
		BE760AF9221B69BE0069BB61 /* AlarmPageViewController.storyboard in Resources */ = {isa = PBXBuildFile; fileRef = BE760AF8221B69BE0069BB61 /* AlarmPageViewController.storyboard */; };
		BE760AFB221B69E40069BB61 /* AlarmPageViewController.swift in Sources */ = {isa = PBXBuildFile; fileRef = BE760AFA221B69E40069BB61 /* AlarmPageViewController.swift */; };
		BE760AFD221B6A180069BB61 /* AlarmPageIndicator.swift in Sources */ = {isa = PBXBuildFile; fileRef = BE760AFC221B6A180069BB61 /* AlarmPageIndicator.swift */; };
		BE760AFF221B6A5F0069BB61 /* AlarmMedicinePageView.swift in Sources */ = {isa = PBXBuildFile; fileRef = BE760AFE221B6A5F0069BB61 /* AlarmMedicinePageView.swift */; };
		BE760B01221B6A7B0069BB61 /* AlarmMedicinePageView.xib in Resources */ = {isa = PBXBuildFile; fileRef = BE760B00221B6A7B0069BB61 /* AlarmMedicinePageView.xib */; };
		BE84E70821A954BD00A507FB /* AppDelegate.swift in Sources */ = {isa = PBXBuildFile; fileRef = BE84E70721A954BD00A507FB /* AppDelegate.swift */; };
		BE84E70A21A954BD00A507FB /* ViewController.swift in Sources */ = {isa = PBXBuildFile; fileRef = BE84E70921A954BD00A507FB /* ViewController.swift */; };
		BE84E71221A954BF00A507FB /* LaunchScreen.storyboard in Resources */ = {isa = PBXBuildFile; fileRef = BE84E71021A954BF00A507FB /* LaunchScreen.storyboard */; };
		BE903DCA2216DEEE0073CD22 /* LocalDataCenter.swift in Sources */ = {isa = PBXBuildFile; fileRef = BE903DC92216DEEE0073CD22 /* LocalDataCenter.swift */; };
		BE9DAF82221A186700C2F741 /* AlarmSegmentControl.swift in Sources */ = {isa = PBXBuildFile; fileRef = BE9DAF81221A186700C2F741 /* AlarmSegmentControl.swift */; };
		BEC53F8021FC54A400DA6FA6 /* UIView+Color.swift in Sources */ = {isa = PBXBuildFile; fileRef = BEC53F7F21FC54A400DA6FA6 /* UIView+Color.swift */; };
		BED0C477221A0B0C00900AB3 /* Splash.storyboard in Resources */ = {isa = PBXBuildFile; fileRef = BED0C476221A0B0C00900AB3 /* Splash.storyboard */; };
		BED0C479221A0B9E00900AB3 /* SplashViewController.swift in Sources */ = {isa = PBXBuildFile; fileRef = BED0C478221A0B9E00900AB3 /* SplashViewController.swift */; };
		BEE70E8421A983A3003EA767 /* AlarmListNavigationController.storyboard in Resources */ = {isa = PBXBuildFile; fileRef = BEE70E8321A983A3003EA767 /* AlarmListNavigationController.storyboard */; };
		BEE70E8621A98527003EA767 /* AlarmListNavigationController.swift in Sources */ = {isa = PBXBuildFile; fileRef = BEE70E8521A98527003EA767 /* AlarmListNavigationController.swift */; };
		BEE70E8921A98650003EA767 /* AlarmViewController.swift in Sources */ = {isa = PBXBuildFile; fileRef = BEE70E8821A98650003EA767 /* AlarmViewController.swift */; };
		BEE70E8B21A9866E003EA767 /* AlarmViewController.storyboard in Resources */ = {isa = PBXBuildFile; fileRef = BEE70E8A21A9866E003EA767 /* AlarmViewController.storyboard */; };
		D50DE0F421B8B01700F8D920 /* Color.xcassets in Resources */ = {isa = PBXBuildFile; fileRef = D50DE0F321B8B01700F8D920 /* Color.xcassets */; };
		D5378292220AE4D100336646 /* GradientDirection.swift in Sources */ = {isa = PBXBuildFile; fileRef = D5378291220AE4D100336646 /* GradientDirection.swift */; };
		D561E46E21E2336500DF5B34 /* MedicineModel.swift in Sources */ = {isa = PBXBuildFile; fileRef = D561E46421E2336400DF5B34 /* MedicineModel.swift */; };
		D561E46F21E2336500DF5B34 /* AlarmModel.swift in Sources */ = {isa = PBXBuildFile; fileRef = D561E46521E2336400DF5B34 /* AlarmModel.swift */; };
		D561E47021E2336500DF5B34 /* MedicineTableViewCell.swift in Sources */ = {isa = PBXBuildFile; fileRef = D561E46721E2336400DF5B34 /* MedicineTableViewCell.swift */; };
		D561E47121E2336500DF5B34 /* AlarmListTableViewCell.swift in Sources */ = {isa = PBXBuildFile; fileRef = D561E46821E2336400DF5B34 /* AlarmListTableViewCell.swift */; };
		D561E47221E2336500DF5B34 /* NoAlarmView.swift in Sources */ = {isa = PBXBuildFile; fileRef = D561E46B21E2336500DF5B34 /* NoAlarmView.swift */; };
		D561E47321E2336500DF5B34 /* AlarmView.swift in Sources */ = {isa = PBXBuildFile; fileRef = D561E46D21E2336500DF5B34 /* AlarmView.swift */; };
		D561E47521E2338900DF5B34 /* UILabel+Spacing.swift in Sources */ = {isa = PBXBuildFile; fileRef = D561E47421E2338900DF5B34 /* UILabel+Spacing.swift */; };
		D561E47821E23AAF00DF5B34 /* BarcodeScanViewController.swift in Sources */ = {isa = PBXBuildFile; fileRef = D561E47621E238DA00DF5B34 /* BarcodeScanViewController.swift */; };
		D56518E321B8EDB400E8F6C4 /* HintSearchBar.swift in Sources */ = {isa = PBXBuildFile; fileRef = D56518E221B8EDB400E8F6C4 /* HintSearchBar.swift */; };
		D56518E521B903C500E8F6C4 /* UIViewController+Color.swift in Sources */ = {isa = PBXBuildFile; fileRef = D56518E421B903C500E8F6C4 /* UIViewController+Color.swift */; };
		D59F73E321A97E7900D275A0 /* Member.swift in Sources */ = {isa = PBXBuildFile; fileRef = D59F73E221A97E7900D275A0 /* Member.swift */; };
		D59F73EF21A97F5A00D275A0 /* SearchMedicineViewController.swift in Sources */ = {isa = PBXBuildFile; fileRef = D59F73EE21A97F5A00D275A0 /* SearchMedicineViewController.swift */; };
		D59F73FA21A9886E00D275A0 /* Search.storyboard in Resources */ = {isa = PBXBuildFile; fileRef = D59F73F921A9886E00D275A0 /* Search.storyboard */; };
		D59F73FD21A98D1700D275A0 /* SearchResultTableViewCell.swift in Sources */ = {isa = PBXBuildFile; fileRef = D59F73FC21A98D1700D275A0 /* SearchResultTableViewCell.swift */; };
		D5B65ED621B9378C003E6886 /* UiView+Shadow.swift in Sources */ = {isa = PBXBuildFile; fileRef = D5B65ED521B9378C003E6886 /* UiView+Shadow.swift */; };
		D5CCA13E2216AAF30055D264 /* PillDetailTableViewCell.swift in Sources */ = {isa = PBXBuildFile; fileRef = D5CCA13D2216AAF30055D264 /* PillDetailTableViewCell.swift */; };
		D5CCA1402216AE150055D264 /* Api.swift in Sources */ = {isa = PBXBuildFile; fileRef = D5CCA13F2216AE150055D264 /* Api.swift */; };
		D5CCA1422216B76B0055D264 /* Pill.swift in Sources */ = {isa = PBXBuildFile; fileRef = D5CCA1412216B76B0055D264 /* Pill.swift */; };
		D5CCA1442216B7F50055D264 /* PillDetailViewController.swift in Sources */ = {isa = PBXBuildFile; fileRef = D5CCA1432216B7F50055D264 /* PillDetailViewController.swift */; };
		D5CCA1462216BB590055D264 /* PillDetailCellType.swift in Sources */ = {isa = PBXBuildFile; fileRef = D5CCA1452216BB590055D264 /* PillDetailCellType.swift */; };
		D5CCA1482216D1850055D264 /* NetworkProvider.swift in Sources */ = {isa = PBXBuildFile; fileRef = D5CCA1472216D1850055D264 /* NetworkProvider.swift */; };
		D5DA8BD021A9BA9600F963B0 /* CheckBoxButton.swift in Sources */ = {isa = PBXBuildFile; fileRef = D5DA8BCF21A9BA9600F963B0 /* CheckBoxButton.swift */; };
		D5DA8BD221A9C27900F963B0 /* RegisterAlarmViewController.swift in Sources */ = {isa = PBXBuildFile; fileRef = D5DA8BD121A9C27900F963B0 /* RegisterAlarmViewController.swift */; };
		D5DA8BD521A9C7AB00F963B0 /* CheckBoxButton.xib in Resources */ = {isa = PBXBuildFile; fileRef = D5DA8BD421A9C7AB00F963B0 /* CheckBoxButton.xib */; };
		D5DA8BD721A9CDBD00F963B0 /* AlarmTableViewCell.swift in Sources */ = {isa = PBXBuildFile; fileRef = D5DA8BD621A9CDBD00F963B0 /* AlarmTableViewCell.swift */; };
		D5DA8BD921A9D72000F963B0 /* Alarm.swift in Sources */ = {isa = PBXBuildFile; fileRef = D5DA8BD821A9D72000F963B0 /* Alarm.swift */; };
		D5DA8BDC21A9D86F00F963B0 /* UINavigationController+Transition.swift in Sources */ = {isa = PBXBuildFile; fileRef = D5DA8BDB21A9D86F00F963B0 /* UINavigationController+Transition.swift */; };
		DC22B715220F4330002D6D99 /* AlarmClockView.xib in Resources */ = {isa = PBXBuildFile; fileRef = DC22B714220F4330002D6D99 /* AlarmClockView.xib */; };
		DC22B719220FE824002D6D99 /* AlarmClockView.swift in Sources */ = {isa = PBXBuildFile; fileRef = DC22B718220FE824002D6D99 /* AlarmClockView.swift */; };
		DC22B71B220FFB75002D6D99 /* AlarmRegistManager.swift in Sources */ = {isa = PBXBuildFile; fileRef = DC22B71A220FFB75002D6D99 /* AlarmRegistManager.swift */; };
		DC31E22A220EF8280038DCE0 /* Temp.xcassets in Resources */ = {isa = PBXBuildFile; fileRef = DC31E229220EF8280038DCE0 /* Temp.xcassets */; };
		DC31E22C220EFC1F0038DCE0 /* DateSettingViewController.swift in Sources */ = {isa = PBXBuildFile; fileRef = DC31E22B220EFC1F0038DCE0 /* DateSettingViewController.swift */; };
		DC31E22E220F17940038DCE0 /* SoundSettingViewController.swift in Sources */ = {isa = PBXBuildFile; fileRef = DC31E22D220F17940038DCE0 /* SoundSettingViewController.swift */; };
		EA7889502714CD4DD2D45BEB /* Pods_YakGGUK.framework in Frameworks */ = {isa = PBXBuildFile; fileRef = 6C9019A93A8CD30B152FF684 /* Pods_YakGGUK.framework */; };
/* End PBXBuildFile section */

/* Begin PBXFileReference section */
		6BBF346AB41CCEDFDDBB8CB4 /* Pods-YakGGUK.debug.xcconfig */ = {isa = PBXFileReference; includeInIndex = 1; lastKnownFileType = text.xcconfig; name = "Pods-YakGGUK.debug.xcconfig"; path = "Pods/Target Support Files/Pods-YakGGUK/Pods-YakGGUK.debug.xcconfig"; sourceTree = "<group>"; };
		6C9019A93A8CD30B152FF684 /* Pods_YakGGUK.framework */ = {isa = PBXFileReference; explicitFileType = wrapper.framework; includeInIndex = 0; path = Pods_YakGGUK.framework; sourceTree = BUILT_PRODUCTS_DIR; };
		BE2CF224220E7F62007ECCB3 /* PageIndicator.swift */ = {isa = PBXFileReference; lastKnownFileType = sourcecode.swift; path = PageIndicator.swift; sourceTree = "<group>"; };
		BE2CF226220E8285007ECCB3 /* FirstSettingWakeUpIVC.swift */ = {isa = PBXFileReference; lastKnownFileType = sourcecode.swift; path = FirstSettingWakeUpIVC.swift; sourceTree = "<group>"; };
		BE2CF228220E82BC007ECCB3 /* FirstSettingLunchIVC.swift */ = {isa = PBXFileReference; lastKnownFileType = sourcecode.swift; path = FirstSettingLunchIVC.swift; sourceTree = "<group>"; };
		BE2CF22A220E82CE007ECCB3 /* FirstSettingDinnerIVC.swift */ = {isa = PBXFileReference; lastKnownFileType = sourcecode.swift; path = FirstSettingDinnerIVC.swift; sourceTree = "<group>"; };
		BE2CF22C220E82DF007ECCB3 /* FirstSettingSleepIVC.swift */ = {isa = PBXFileReference; lastKnownFileType = sourcecode.swift; path = FirstSettingSleepIVC.swift; sourceTree = "<group>"; };
		BE464885221BE67900622CB1 /* logo.json */ = {isa = PBXFileReference; fileEncoding = 4; lastKnownFileType = text.json; path = logo.json; sourceTree = "<group>"; };
		BE69C22E21FA6E2B004AC050 /* SF-Pro-Display-Medium.otf */ = {isa = PBXFileReference; lastKnownFileType = file; path = "SF-Pro-Display-Medium.otf"; sourceTree = "<group>"; };
		BE69C23021FA709C004AC050 /* Assets.xcassets */ = {isa = PBXFileReference; lastKnownFileType = folder.assetcatalog; path = Assets.xcassets; sourceTree = "<group>"; };
		BE69C23821FA82D3004AC050 /* FirstSettingViewController.storyboard */ = {isa = PBXFileReference; lastKnownFileType = file.storyboard; path = FirstSettingViewController.storyboard; sourceTree = "<group>"; };
		BE69C23A21FA82EC004AC050 /* FirstSettingViewController.swift */ = {isa = PBXFileReference; lastKnownFileType = sourcecode.swift; path = FirstSettingViewController.swift; sourceTree = "<group>"; };
		BE7000C522155E9F0049377D /* TimeView.xib */ = {isa = PBXFileReference; lastKnownFileType = file.xib; path = TimeView.xib; sourceTree = "<group>"; };
		BE7000C72215643B0049377D /* TimeView.swift */ = {isa = PBXFileReference; lastKnownFileType = sourcecode.swift; path = TimeView.swift; sourceTree = "<group>"; };
		BE7000D3221576170049377D /* SF-Pro-Display-Medium.otf */ = {isa = PBXFileReference; lastKnownFileType = file; path = "SF-Pro-Display-Medium.otf"; sourceTree = "<group>"; };
		BE7000D4221576170049377D /* SF-Pro-Display-Light.otf */ = {isa = PBXFileReference; lastKnownFileType = file; path = "SF-Pro-Display-Light.otf"; sourceTree = "<group>"; };
		BE7000D922157A960049377D /* HourPickerView.swift */ = {isa = PBXFileReference; lastKnownFileType = sourcecode.swift; path = HourPickerView.swift; sourceTree = "<group>"; };
		BE7000DB22157AA50049377D /* MinutePickerView.swift */ = {isa = PBXFileReference; lastKnownFileType = sourcecode.swift; path = MinutePickerView.swift; sourceTree = "<group>"; };
		BE7000DD22157AB10049377D /* AmPmPickerView.swift */ = {isa = PBXFileReference; lastKnownFileType = sourcecode.swift; path = AmPmPickerView.swift; sourceTree = "<group>"; };
		BE7000E1221582C70049377D /* Assets.xcassets */ = {isa = PBXFileReference; lastKnownFileType = folder.assetcatalog; path = Assets.xcassets; sourceTree = "<group>"; };
		BE7000E42215A2280049377D /* AlarmTime.swift */ = {isa = PBXFileReference; lastKnownFileType = sourcecode.swift; path = AlarmTime.swift; sourceTree = "<group>"; };
		BE760AF8221B69BE0069BB61 /* AlarmPageViewController.storyboard */ = {isa = PBXFileReference; lastKnownFileType = file.storyboard; path = AlarmPageViewController.storyboard; sourceTree = "<group>"; };
		BE760AFA221B69E40069BB61 /* AlarmPageViewController.swift */ = {isa = PBXFileReference; lastKnownFileType = sourcecode.swift; path = AlarmPageViewController.swift; sourceTree = "<group>"; };
		BE760AFC221B6A180069BB61 /* AlarmPageIndicator.swift */ = {isa = PBXFileReference; lastKnownFileType = sourcecode.swift; path = AlarmPageIndicator.swift; sourceTree = "<group>"; };
		BE760AFE221B6A5F0069BB61 /* AlarmMedicinePageView.swift */ = {isa = PBXFileReference; lastKnownFileType = sourcecode.swift; path = AlarmMedicinePageView.swift; sourceTree = "<group>"; };
		BE760B00221B6A7B0069BB61 /* AlarmMedicinePageView.xib */ = {isa = PBXFileReference; lastKnownFileType = file.xib; path = AlarmMedicinePageView.xib; sourceTree = "<group>"; };
		BE84E70421A954BD00A507FB /* YakGGUK.app */ = {isa = PBXFileReference; explicitFileType = wrapper.application; includeInIndex = 0; path = YakGGUK.app; sourceTree = BUILT_PRODUCTS_DIR; };
		BE84E70721A954BD00A507FB /* AppDelegate.swift */ = {isa = PBXFileReference; lastKnownFileType = sourcecode.swift; path = AppDelegate.swift; sourceTree = "<group>"; };
		BE84E70921A954BD00A507FB /* ViewController.swift */ = {isa = PBXFileReference; lastKnownFileType = sourcecode.swift; path = ViewController.swift; sourceTree = "<group>"; };
		BE84E71121A954BF00A507FB /* Base */ = {isa = PBXFileReference; lastKnownFileType = file.storyboard; name = Base; path = Base.lproj/LaunchScreen.storyboard; sourceTree = "<group>"; };
		BE84E71321A954BF00A507FB /* Info.plist */ = {isa = PBXFileReference; lastKnownFileType = text.plist.xml; path = Info.plist; sourceTree = "<group>"; };
		BE903DC92216DEEE0073CD22 /* LocalDataCenter.swift */ = {isa = PBXFileReference; lastKnownFileType = sourcecode.swift; path = LocalDataCenter.swift; sourceTree = "<group>"; };
		BE9DAF81221A186700C2F741 /* AlarmSegmentControl.swift */ = {isa = PBXFileReference; lastKnownFileType = sourcecode.swift; path = AlarmSegmentControl.swift; sourceTree = "<group>"; };
		BEC53F7F21FC54A400DA6FA6 /* UIView+Color.swift */ = {isa = PBXFileReference; lastKnownFileType = sourcecode.swift; path = "UIView+Color.swift"; sourceTree = "<group>"; };
		BED0C476221A0B0C00900AB3 /* Splash.storyboard */ = {isa = PBXFileReference; lastKnownFileType = file.storyboard; path = Splash.storyboard; sourceTree = "<group>"; };
		BED0C478221A0B9E00900AB3 /* SplashViewController.swift */ = {isa = PBXFileReference; lastKnownFileType = sourcecode.swift; path = SplashViewController.swift; sourceTree = "<group>"; };
		BEE70E8321A983A3003EA767 /* AlarmListNavigationController.storyboard */ = {isa = PBXFileReference; lastKnownFileType = file.storyboard; path = AlarmListNavigationController.storyboard; sourceTree = "<group>"; };
		BEE70E8521A98527003EA767 /* AlarmListNavigationController.swift */ = {isa = PBXFileReference; lastKnownFileType = sourcecode.swift; path = AlarmListNavigationController.swift; sourceTree = "<group>"; };
		BEE70E8821A98650003EA767 /* AlarmViewController.swift */ = {isa = PBXFileReference; lastKnownFileType = sourcecode.swift; path = AlarmViewController.swift; sourceTree = "<group>"; };
		BEE70E8A21A9866E003EA767 /* AlarmViewController.storyboard */ = {isa = PBXFileReference; lastKnownFileType = file.storyboard; path = AlarmViewController.storyboard; sourceTree = "<group>"; };
		D50DE0F321B8B01700F8D920 /* Color.xcassets */ = {isa = PBXFileReference; lastKnownFileType = folder.assetcatalog; path = Color.xcassets; sourceTree = "<group>"; };
		D5378291220AE4D100336646 /* GradientDirection.swift */ = {isa = PBXFileReference; lastKnownFileType = sourcecode.swift; path = GradientDirection.swift; sourceTree = "<group>"; };
		D561E46421E2336400DF5B34 /* MedicineModel.swift */ = {isa = PBXFileReference; fileEncoding = 4; lastKnownFileType = sourcecode.swift; path = MedicineModel.swift; sourceTree = "<group>"; };
		D561E46521E2336400DF5B34 /* AlarmModel.swift */ = {isa = PBXFileReference; fileEncoding = 4; lastKnownFileType = sourcecode.swift; path = AlarmModel.swift; sourceTree = "<group>"; };
		D561E46721E2336400DF5B34 /* MedicineTableViewCell.swift */ = {isa = PBXFileReference; fileEncoding = 4; lastKnownFileType = sourcecode.swift; path = MedicineTableViewCell.swift; sourceTree = "<group>"; };
		D561E46821E2336400DF5B34 /* AlarmListTableViewCell.swift */ = {isa = PBXFileReference; fileEncoding = 4; lastKnownFileType = sourcecode.swift; path = AlarmListTableViewCell.swift; sourceTree = "<group>"; };
		D561E46B21E2336500DF5B34 /* NoAlarmView.swift */ = {isa = PBXFileReference; fileEncoding = 4; lastKnownFileType = sourcecode.swift; path = NoAlarmView.swift; sourceTree = "<group>"; };
		D561E46D21E2336500DF5B34 /* AlarmView.swift */ = {isa = PBXFileReference; fileEncoding = 4; lastKnownFileType = sourcecode.swift; path = AlarmView.swift; sourceTree = "<group>"; };
		D561E47421E2338900DF5B34 /* UILabel+Spacing.swift */ = {isa = PBXFileReference; fileEncoding = 4; lastKnownFileType = sourcecode.swift; path = "UILabel+Spacing.swift"; sourceTree = "<group>"; };
		D561E47621E238DA00DF5B34 /* BarcodeScanViewController.swift */ = {isa = PBXFileReference; fileEncoding = 4; lastKnownFileType = sourcecode.swift; path = BarcodeScanViewController.swift; sourceTree = "<group>"; };
		D56518E221B8EDB400E8F6C4 /* HintSearchBar.swift */ = {isa = PBXFileReference; lastKnownFileType = sourcecode.swift; path = HintSearchBar.swift; sourceTree = "<group>"; };
		D56518E421B903C500E8F6C4 /* UIViewController+Color.swift */ = {isa = PBXFileReference; lastKnownFileType = sourcecode.swift; name = "UIViewController+Color.swift"; path = "YakGGUK/Assets.xcassets/UIViewController+Color.swift"; sourceTree = SOURCE_ROOT; };
		D59F73E221A97E7900D275A0 /* Member.swift */ = {isa = PBXFileReference; lastKnownFileType = sourcecode.swift; path = Member.swift; sourceTree = "<group>"; };
		D59F73EE21A97F5A00D275A0 /* SearchMedicineViewController.swift */ = {isa = PBXFileReference; lastKnownFileType = sourcecode.swift; path = SearchMedicineViewController.swift; sourceTree = "<group>"; };
		D59F73F921A9886E00D275A0 /* Search.storyboard */ = {isa = PBXFileReference; lastKnownFileType = file.storyboard; path = Search.storyboard; sourceTree = "<group>"; };
		D59F73FC21A98D1700D275A0 /* SearchResultTableViewCell.swift */ = {isa = PBXFileReference; lastKnownFileType = sourcecode.swift; path = SearchResultTableViewCell.swift; sourceTree = "<group>"; };
		D5B65ED521B9378C003E6886 /* UiView+Shadow.swift */ = {isa = PBXFileReference; lastKnownFileType = sourcecode.swift; path = "UiView+Shadow.swift"; sourceTree = "<group>"; };
		D5CCA13D2216AAF30055D264 /* PillDetailTableViewCell.swift */ = {isa = PBXFileReference; lastKnownFileType = sourcecode.swift; path = PillDetailTableViewCell.swift; sourceTree = "<group>"; };
		D5CCA13F2216AE150055D264 /* Api.swift */ = {isa = PBXFileReference; lastKnownFileType = sourcecode.swift; path = Api.swift; sourceTree = "<group>"; };
		D5CCA1412216B76B0055D264 /* Pill.swift */ = {isa = PBXFileReference; lastKnownFileType = sourcecode.swift; path = Pill.swift; sourceTree = "<group>"; };
		D5CCA1432216B7F50055D264 /* PillDetailViewController.swift */ = {isa = PBXFileReference; lastKnownFileType = sourcecode.swift; path = PillDetailViewController.swift; sourceTree = "<group>"; };
		D5CCA1452216BB590055D264 /* PillDetailCellType.swift */ = {isa = PBXFileReference; lastKnownFileType = sourcecode.swift; path = PillDetailCellType.swift; sourceTree = "<group>"; };
		D5CCA1472216D1850055D264 /* NetworkProvider.swift */ = {isa = PBXFileReference; lastKnownFileType = sourcecode.swift; path = NetworkProvider.swift; sourceTree = "<group>"; };
		D5DA8BCF21A9BA9600F963B0 /* CheckBoxButton.swift */ = {isa = PBXFileReference; lastKnownFileType = sourcecode.swift; path = CheckBoxButton.swift; sourceTree = "<group>"; };
		D5DA8BD121A9C27900F963B0 /* RegisterAlarmViewController.swift */ = {isa = PBXFileReference; lastKnownFileType = sourcecode.swift; path = RegisterAlarmViewController.swift; sourceTree = "<group>"; };
		D5DA8BD421A9C7AB00F963B0 /* CheckBoxButton.xib */ = {isa = PBXFileReference; lastKnownFileType = file.xib; path = CheckBoxButton.xib; sourceTree = "<group>"; };
		D5DA8BD621A9CDBD00F963B0 /* AlarmTableViewCell.swift */ = {isa = PBXFileReference; lastKnownFileType = sourcecode.swift; path = AlarmTableViewCell.swift; sourceTree = "<group>"; };
		D5DA8BD821A9D72000F963B0 /* Alarm.swift */ = {isa = PBXFileReference; lastKnownFileType = sourcecode.swift; path = Alarm.swift; sourceTree = "<group>"; };
		D5DA8BDB21A9D86F00F963B0 /* UINavigationController+Transition.swift */ = {isa = PBXFileReference; lastKnownFileType = sourcecode.swift; path = "UINavigationController+Transition.swift"; sourceTree = "<group>"; };
		DC22B714220F4330002D6D99 /* AlarmClockView.xib */ = {isa = PBXFileReference; lastKnownFileType = file.xib; path = AlarmClockView.xib; sourceTree = "<group>"; };
		DC22B718220FE824002D6D99 /* AlarmClockView.swift */ = {isa = PBXFileReference; lastKnownFileType = sourcecode.swift; path = AlarmClockView.swift; sourceTree = "<group>"; };
		DC22B71A220FFB75002D6D99 /* AlarmRegistManager.swift */ = {isa = PBXFileReference; lastKnownFileType = sourcecode.swift; path = AlarmRegistManager.swift; sourceTree = "<group>"; };
		DC31E229220EF8280038DCE0 /* Temp.xcassets */ = {isa = PBXFileReference; lastKnownFileType = folder.assetcatalog; path = Temp.xcassets; sourceTree = "<group>"; };
		DC31E22B220EFC1F0038DCE0 /* DateSettingViewController.swift */ = {isa = PBXFileReference; lastKnownFileType = sourcecode.swift; path = DateSettingViewController.swift; sourceTree = "<group>"; };
		DC31E22D220F17940038DCE0 /* SoundSettingViewController.swift */ = {isa = PBXFileReference; lastKnownFileType = sourcecode.swift; path = SoundSettingViewController.swift; sourceTree = "<group>"; };
		E67BFB6931EAD8D2F54086A1 /* Pods-YakGGUK.release.xcconfig */ = {isa = PBXFileReference; includeInIndex = 1; lastKnownFileType = text.xcconfig; name = "Pods-YakGGUK.release.xcconfig"; path = "Pods/Target Support Files/Pods-YakGGUK/Pods-YakGGUK.release.xcconfig"; sourceTree = "<group>"; };
/* End PBXFileReference section */

/* Begin PBXFrameworksBuildPhase section */
		BE84E70121A954BD00A507FB /* Frameworks */ = {
			isa = PBXFrameworksBuildPhase;
			buildActionMask = 2147483647;
			files = (
				EA7889502714CD4DD2D45BEB /* Pods_YakGGUK.framework in Frameworks */,
			);
			runOnlyForDeploymentPostprocessing = 0;
		};
/* End PBXFrameworksBuildPhase section */

/* Begin PBXGroup section */
		06DD2C2D2EB806DAF8A87E6B /* Frameworks */ = {
			isa = PBXGroup;
			children = (
				6C9019A93A8CD30B152FF684 /* Pods_YakGGUK.framework */,
			);
			name = Frameworks;
			sourceTree = "<group>";
		};
		BE2CF223220E7F51007ECCB3 /* view */ = {
			isa = PBXGroup;
			children = (
				BE2CF224220E7F62007ECCB3 /* PageIndicator.swift */,
			);
			path = view;
			sourceTree = "<group>";
		};
		BE2CF22E220E8C12007ECCB3 /* model */ = {
			isa = PBXGroup;
			children = (
			);
			path = model;
			sourceTree = "<group>";
		};
		BE69C23521FA829E004AC050 /* firstsetting */ = {
			isa = PBXGroup;
			children = (
				BE2CF22E220E8C12007ECCB3 /* model */,
				BE2CF223220E7F51007ECCB3 /* view */,
				BE69C23821FA82D3004AC050 /* FirstSettingViewController.storyboard */,
				BE69C23A21FA82EC004AC050 /* FirstSettingViewController.swift */,
				BE2CF226220E8285007ECCB3 /* FirstSettingWakeUpIVC.swift */,
				BE2CF228220E82BC007ECCB3 /* FirstSettingLunchIVC.swift */,
				BE2CF22A220E82CE007ECCB3 /* FirstSettingDinnerIVC.swift */,
				BE2CF22C220E82DF007ECCB3 /* FirstSettingSleepIVC.swift */,
			);
			path = firstsetting;
			sourceTree = "<group>";
		};
		BE7000C022154F610049377D /* Recovered References */ = {
			isa = PBXGroup;
			children = (
				BE69C22E21FA6E2B004AC050 /* SF-Pro-Display-Medium.otf */,
				BE69C23021FA709C004AC050 /* Assets.xcassets */,
			);
			name = "Recovered References";
			sourceTree = "<group>";
		};
		BE7000C12215527E0049377D /* UIPickerView */ = {
			isa = PBXGroup;
			children = (
				BE7000E32215A2100049377D /* model */,
				BE7000C522155E9F0049377D /* TimeView.xib */,
				BE7000C72215643B0049377D /* TimeView.swift */,
				BE7000D922157A960049377D /* HourPickerView.swift */,
				BE7000DB22157AA50049377D /* MinutePickerView.swift */,
				BE7000DD22157AB10049377D /* AmPmPickerView.swift */,
			);
			path = UIPickerView;
			sourceTree = "<group>";
		};
		BE7000D2221575FA0049377D /* Fonts */ = {
			isa = PBXGroup;
			children = (
				BE7000D4221576170049377D /* SF-Pro-Display-Light.otf */,
				BE7000D3221576170049377D /* SF-Pro-Display-Medium.otf */,
			);
			path = Fonts;
			sourceTree = "<group>";
		};
		BE7000E32215A2100049377D /* model */ = {
			isa = PBXGroup;
			children = (
				BE7000E42215A2280049377D /* AlarmTime.swift */,
			);
			path = model;
			sourceTree = "<group>";
		};
		BE760AF3221B5A2D0069BB61 /* lottie */ = {
			isa = PBXGroup;
			children = (
				BE464885221BE67900622CB1 /* logo.json */,
			);
			path = lottie;
			sourceTree = "<group>";
		};
		BE760AF6221B69820069BB61 /* alarm */ = {
			isa = PBXGroup;
			children = (
				BE760AF7221B699D0069BB61 /* view */,
				BE760AF8221B69BE0069BB61 /* AlarmPageViewController.storyboard */,
				BE760AFA221B69E40069BB61 /* AlarmPageViewController.swift */,
			);
			path = alarm;
			sourceTree = "<group>";
		};
		BE760AF7221B699D0069BB61 /* view */ = {
			isa = PBXGroup;
			children = (
				BE760AFC221B6A180069BB61 /* AlarmPageIndicator.swift */,
				BE760AFE221B6A5F0069BB61 /* AlarmMedicinePageView.swift */,
				BE760B00221B6A7B0069BB61 /* AlarmMedicinePageView.xib */,
			);
			path = view;
			sourceTree = "<group>";
		};
		BE84E6FB21A954BD00A507FB = {
			isa = PBXGroup;
			children = (
				BE84E70621A954BD00A507FB /* YakGGUK */,
				BE84E70521A954BD00A507FB /* Products */,
				D9463A841448C99BA47C01A0 /* Pods */,
				06DD2C2D2EB806DAF8A87E6B /* Frameworks */,
				BE7000C022154F610049377D /* Recovered References */,
			);
			sourceTree = "<group>";
		};
		BE84E70521A954BD00A507FB /* Products */ = {
			isa = PBXGroup;
			children = (
				BE84E70421A954BD00A507FB /* YakGGUK.app */,
			);
			name = Products;
			sourceTree = "<group>";
		};
		BE84E70621A954BD00A507FB /* YakGGUK */ = {
			isa = PBXGroup;
			children = (
				BE760AF3221B5A2D0069BB61 /* lottie */,
				BE7000D2221575FA0049377D /* Fonts */,
				D5378293220AE50100336646 /* Model */,
				D5DA8BDA21A9D86500F963B0 /* Extensions */,
				BEE70E8121A98338003EA767 /* views */,
				D59F73E021A97E6400D275A0 /* Network */,
				BE84E70721A954BD00A507FB /* AppDelegate.swift */,
				BE84E70921A954BD00A507FB /* ViewController.swift */,
				DC31E229220EF8280038DCE0 /* Temp.xcassets */,
				BE84E71021A954BF00A507FB /* LaunchScreen.storyboard */,
				BE84E71321A954BF00A507FB /* Info.plist */,
				D50DE0F321B8B01700F8D920 /* Color.xcassets */,
				BE7000E1221582C70049377D /* Assets.xcassets */,
			);
			path = YakGGUK;
			sourceTree = "<group>";
		};
		BE9DAF80221A183B00C2F741 /* UISegmentControl */ = {
			isa = PBXGroup;
			children = (
				BE9DAF81221A186700C2F741 /* AlarmSegmentControl.swift */,
			);
			path = UISegmentControl;
			sourceTree = "<group>";
		};
		BEE70E8121A98338003EA767 /* views */ = {
			isa = PBXGroup;
			children = (
				BE760AF6221B69820069BB61 /* alarm */,
				BEFDEDA12216EA2C005F5968 /* splash */,
				BE69C23521FA829E004AC050 /* firstsetting */,
				D59F73F821A9885D00D275A0 /* register */,
				BEE70E8221A9835D003EA767 /* alarmlist */,
			);
			path = views;
			sourceTree = "<group>";
		};
		BEE70E8221A9835D003EA767 /* alarmlist */ = {
			isa = PBXGroup;
			children = (
				BEE70E8721A98633003EA767 /* alarms */,
				BEE70E8321A983A3003EA767 /* AlarmListNavigationController.storyboard */,
				BEE70E8521A98527003EA767 /* AlarmListNavigationController.swift */,
			);
			path = alarmlist;
			sourceTree = "<group>";
		};
		BEE70E8721A98633003EA767 /* alarms */ = {
			isa = PBXGroup;
			children = (
				D561E46321E2336400DF5B34 /* model */,
				D561E46621E2336400DF5B34 /* tableViewCell */,
				D561E46921E2336500DF5B34 /* view */,
				BEE70E8821A98650003EA767 /* AlarmViewController.swift */,
				BEE70E8A21A9866E003EA767 /* AlarmViewController.storyboard */,
			);
			path = alarms;
			sourceTree = "<group>";
		};
		BEFDEDA12216EA2C005F5968 /* splash */ = {
			isa = PBXGroup;
			children = (
				BED0C476221A0B0C00900AB3 /* Splash.storyboard */,
				BED0C478221A0B9E00900AB3 /* SplashViewController.swift */,
			);
			path = splash;
			sourceTree = "<group>";
		};
		D5378293220AE50100336646 /* Model */ = {
			isa = PBXGroup;
			children = (
				D5378291220AE4D100336646 /* GradientDirection.swift */,
			);
			path = Model;
			sourceTree = "<group>";
		};
		D561E46321E2336400DF5B34 /* model */ = {
			isa = PBXGroup;
			children = (
				D561E46421E2336400DF5B34 /* MedicineModel.swift */,
				D561E46521E2336400DF5B34 /* AlarmModel.swift */,
			);
			name = model;
			path = YakGGUK/views/alarmlist/alarms/model;
			sourceTree = SOURCE_ROOT;
		};
		D561E46621E2336400DF5B34 /* tableViewCell */ = {
			isa = PBXGroup;
			children = (
				D561E46721E2336400DF5B34 /* MedicineTableViewCell.swift */,
				D561E46821E2336400DF5B34 /* AlarmListTableViewCell.swift */,
			);
			name = tableViewCell;
			path = YakGGUK/views/alarmlist/alarms/tableViewCell;
			sourceTree = SOURCE_ROOT;
		};
		D561E46921E2336500DF5B34 /* view */ = {
			isa = PBXGroup;
			children = (
				D561E46A21E2336500DF5B34 /* noalarmview */,
				D561E46C21E2336500DF5B34 /* alarmview */,
			);
			name = view;
			path = YakGGUK/views/alarmlist/alarms/view;
			sourceTree = SOURCE_ROOT;
		};
		D561E46A21E2336500DF5B34 /* noalarmview */ = {
			isa = PBXGroup;
			children = (
				D561E46B21E2336500DF5B34 /* NoAlarmView.swift */,
			);
			path = noalarmview;
			sourceTree = "<group>";
		};
		D561E46C21E2336500DF5B34 /* alarmview */ = {
			isa = PBXGroup;
			children = (
				D561E46D21E2336500DF5B34 /* AlarmView.swift */,
			);
			path = alarmview;
			sourceTree = "<group>";
		};
		D59F73E021A97E6400D275A0 /* Network */ = {
			isa = PBXGroup;
			children = (
				D59F73E121A97E6C00D275A0 /* Model */,
				D5CCA13F2216AE150055D264 /* Api.swift */,
				D5CCA1472216D1850055D264 /* NetworkProvider.swift */,
			);
			path = Network;
			sourceTree = "<group>";
		};
		D59F73E121A97E6C00D275A0 /* Model */ = {
			isa = PBXGroup;
			children = (
				D59F73E221A97E7900D275A0 /* Member.swift */,
				D5DA8BD821A9D72000F963B0 /* Alarm.swift */,
				D5CCA1412216B76B0055D264 /* Pill.swift */,
			);
			path = Model;
			sourceTree = "<group>";
		};
		D59F73F821A9885D00D275A0 /* register */ = {
			isa = PBXGroup;
			children = (
				D5DA8BD321A9C78A00F963B0 /* view */,
				D59F73FB21A98CFD00D275A0 /* tableViewCell */,
				D561E47621E238DA00DF5B34 /* BarcodeScanViewController.swift */,
				D59F73EE21A97F5A00D275A0 /* SearchMedicineViewController.swift */,
				D59F73F921A9886E00D275A0 /* Search.storyboard */,
				D5DA8BD121A9C27900F963B0 /* RegisterAlarmViewController.swift */,
				DC22B714220F4330002D6D99 /* AlarmClockView.xib */,
				DC22B718220FE824002D6D99 /* AlarmClockView.swift */,
				DC31E22B220EFC1F0038DCE0 /* DateSettingViewController.swift */,
				DC31E22D220F17940038DCE0 /* SoundSettingViewController.swift */,
				DC22B71A220FFB75002D6D99 /* AlarmRegistManager.swift */,
				D5CCA1432216B7F50055D264 /* PillDetailViewController.swift */,
			);
			path = register;
			sourceTree = "<group>";
		};
		D59F73FB21A98CFD00D275A0 /* tableViewCell */ = {
			isa = PBXGroup;
			children = (
				D59F73FC21A98D1700D275A0 /* SearchResultTableViewCell.swift */,
				D5DA8BD621A9CDBD00F963B0 /* AlarmTableViewCell.swift */,
				D5CCA13D2216AAF30055D264 /* PillDetailTableViewCell.swift */,
				D5CCA1452216BB590055D264 /* PillDetailCellType.swift */,
			);
			path = tableViewCell;
			sourceTree = "<group>";
		};
		D5DA8BD321A9C78A00F963B0 /* view */ = {
			isa = PBXGroup;
			children = (
				D5DA8BD421A9C7AB00F963B0 /* CheckBoxButton.xib */,
				D5DA8BCF21A9BA9600F963B0 /* CheckBoxButton.swift */,
				D56518E221B8EDB400E8F6C4 /* HintSearchBar.swift */,
			);
			path = view;
			sourceTree = "<group>";
			wrapsLines = 1;
		};
		D5DA8BDA21A9D86500F963B0 /* Extensions */ = {
			isa = PBXGroup;
			children = (
				BE9DAF80221A183B00C2F741 /* UISegmentControl */,
				BE7000C12215527E0049377D /* UIPickerView */,
				D561E47421E2338900DF5B34 /* UILabel+Spacing.swift */,
				D5DA8BDB21A9D86F00F963B0 /* UINavigationController+Transition.swift */,
				D56518E421B903C500E8F6C4 /* UIViewController+Color.swift */,
				D5B65ED521B9378C003E6886 /* UiView+Shadow.swift */,
				BEC53F7F21FC54A400DA6FA6 /* UIView+Color.swift */,
				BE903DC92216DEEE0073CD22 /* LocalDataCenter.swift */,
			);
			path = Extensions;
			sourceTree = "<group>";
		};
		D9463A841448C99BA47C01A0 /* Pods */ = {
			isa = PBXGroup;
			children = (
				6BBF346AB41CCEDFDDBB8CB4 /* Pods-YakGGUK.debug.xcconfig */,
				E67BFB6931EAD8D2F54086A1 /* Pods-YakGGUK.release.xcconfig */,
			);
			name = Pods;
			sourceTree = "<group>";
		};
/* End PBXGroup section */

/* Begin PBXNativeTarget section */
		BE84E70321A954BD00A507FB /* YakGGUK */ = {
			isa = PBXNativeTarget;
			buildConfigurationList = BE84E71621A954BF00A507FB /* Build configuration list for PBXNativeTarget "YakGGUK" */;
			buildPhases = (
				3D2CB6B762D62D278A73AF9B /* [CP] Check Pods Manifest.lock */,
				D59F73DE21A97B2A00D275A0 /* Swift Lint */,
				BE4B39D321B2790E006C907A /* Swift Lint 2 */,
				BE84E70021A954BD00A507FB /* Sources */,
				BE84E70121A954BD00A507FB /* Frameworks */,
				BE84E70221A954BD00A507FB /* Resources */,
				E1C418AFFC79372D9B7CC142 /* [CP] Embed Pods Frameworks */,
			);
			buildRules = (
			);
			dependencies = (
			);
			name = YakGGUK;
			productName = Secret;
			productReference = BE84E70421A954BD00A507FB /* YakGGUK.app */;
			productType = "com.apple.product-type.application";
		};
/* End PBXNativeTarget section */

/* Begin PBXProject section */
		BE84E6FC21A954BD00A507FB /* Project object */ = {
			isa = PBXProject;
			attributes = {
				LastSwiftUpdateCheck = 1010;
				LastUpgradeCheck = 1010;
				ORGANIZATIONNAME = team1;
				TargetAttributes = {
					BE84E70321A954BD00A507FB = {
						CreatedOnToolsVersion = 10.1;
					};
				};
			};
			buildConfigurationList = BE84E6FF21A954BD00A507FB /* Build configuration list for PBXProject "YakGGUK" */;
			compatibilityVersion = "Xcode 9.3";
			developmentRegion = en;
			hasScannedForEncodings = 0;
			knownRegions = (
				en,
				Base,
			);
			mainGroup = BE84E6FB21A954BD00A507FB;
			productRefGroup = BE84E70521A954BD00A507FB /* Products */;
			projectDirPath = "";
			projectRoot = "";
			targets = (
				BE84E70321A954BD00A507FB /* YakGGUK */,
			);
		};
/* End PBXProject section */

/* Begin PBXResourcesBuildPhase section */
		BE84E70221A954BD00A507FB /* Resources */ = {
			isa = PBXResourcesBuildPhase;
			buildActionMask = 2147483647;
			files = (
				BEE70E8421A983A3003EA767 /* AlarmListNavigationController.storyboard in Resources */,
				D50DE0F421B8B01700F8D920 /* Color.xcassets in Resources */,
				BED0C477221A0B0C00900AB3 /* Splash.storyboard in Resources */,
				BE84E71221A954BF00A507FB /* LaunchScreen.storyboard in Resources */,
				BE7000C622155E9F0049377D /* TimeView.xib in Resources */,
				BE7000E2221582C80049377D /* Assets.xcassets in Resources */,
				BE69C23921FA82D3004AC050 /* FirstSettingViewController.storyboard in Resources */,
				DC31E22A220EF8280038DCE0 /* Temp.xcassets in Resources */,
				DC22B715220F4330002D6D99 /* AlarmClockView.xib in Resources */,
				BE760B01221B6A7B0069BB61 /* AlarmMedicinePageView.xib in Resources */,
				BE7000D5221576170049377D /* SF-Pro-Display-Medium.otf in Resources */,
				BEE70E8B21A9866E003EA767 /* AlarmViewController.storyboard in Resources */,
				D59F73FA21A9886E00D275A0 /* Search.storyboard in Resources */,
				D5DA8BD521A9C7AB00F963B0 /* CheckBoxButton.xib in Resources */,
				BE760AF9221B69BE0069BB61 /* AlarmPageViewController.storyboard in Resources */,
				BE464886221BE67900622CB1 /* logo.json in Resources */,
				BE69C23121FA709C004AC050 /* Assets.xcassets in Resources */,
				BE7000D6221576170049377D /* SF-Pro-Display-Light.otf in Resources */,
			);
			runOnlyForDeploymentPostprocessing = 0;
		};
/* End PBXResourcesBuildPhase section */

/* Begin PBXShellScriptBuildPhase section */
		3D2CB6B762D62D278A73AF9B /* [CP] Check Pods Manifest.lock */ = {
			isa = PBXShellScriptBuildPhase;
			buildActionMask = 2147483647;
			files = (
			);
			inputPaths = (
				"${PODS_PODFILE_DIR_PATH}/Podfile.lock",
				"${PODS_ROOT}/Manifest.lock",
			);
			name = "[CP] Check Pods Manifest.lock";
			outputPaths = (
				"$(DERIVED_FILE_DIR)/Pods-YakGGUK-checkManifestLockResult.txt",
			);
			runOnlyForDeploymentPostprocessing = 0;
			shellPath = /bin/sh;
			shellScript = "diff \"${PODS_PODFILE_DIR_PATH}/Podfile.lock\" \"${PODS_ROOT}/Manifest.lock\" > /dev/null\nif [ $? != 0 ] ; then\n    # print error to STDERR\n    echo \"error: The sandbox is not in sync with the Podfile.lock. Run 'pod install' or update your CocoaPods installation.\" >&2\n    exit 1\nfi\n# This output is used by Xcode 'outputs' to avoid re-running this script phase.\necho \"SUCCESS\" > \"${SCRIPT_OUTPUT_FILE_0}\"\n";
			showEnvVarsInLog = 0;
		};
		BE4B39D321B2790E006C907A /* Swift Lint 2 */ = {
			isa = PBXShellScriptBuildPhase;
			buildActionMask = 2147483647;
			files = (
			);
			inputFileListPaths = (
			);
			inputPaths = (
			);
			name = "Swift Lint 2";
			outputFileListPaths = (
			);
			outputPaths = (
			);
			runOnlyForDeploymentPostprocessing = 0;
			shellPath = /bin/sh;
			shellScript = "if which swiftlint >/dev/null; then\nswiftlint\nelse\necho \"warning: SwiftLint not installed, download from https://github.com/realm/SwiftLint\"\nfi\n\n";
		};
		D59F73DE21A97B2A00D275A0 /* Swift Lint */ = {
			isa = PBXShellScriptBuildPhase;
			buildActionMask = 2147483647;
			files = (
			);
			inputPaths = (
			);
			name = "Swift Lint";
			outputPaths = (
			);
			runOnlyForDeploymentPostprocessing = 0;
			shellPath = /bin/sh;
			shellScript = "if which swiftlint >/dev/null; then\nswiftlint autocorrect\nelse\necho \"warning: SwiftLint not installed, download from https://github.com/realm/SwiftLint\"\nfi\n\n";
		};
		E1C418AFFC79372D9B7CC142 /* [CP] Embed Pods Frameworks */ = {
			isa = PBXShellScriptBuildPhase;
			buildActionMask = 2147483647;
			files = (
			);
			inputPaths = (
				"${PODS_ROOT}/Target Support Files/Pods-YakGGUK/Pods-YakGGUK-frameworks.sh",
				"${BUILT_PRODUCTS_DIR}/Alamofire/Alamofire.framework",
				"${BUILT_PRODUCTS_DIR}/AlamofireImage/AlamofireImage.framework",
				"${BUILT_PRODUCTS_DIR}/Floaty/Floaty.framework",
				"${BUILT_PRODUCTS_DIR}/Moya/Moya.framework",
				"${BUILT_PRODUCTS_DIR}/Result/Result.framework",
				"${BUILT_PRODUCTS_DIR}/lottie-ios/Lottie.framework",
			);
			name = "[CP] Embed Pods Frameworks";
			outputPaths = (
				"${TARGET_BUILD_DIR}/${FRAMEWORKS_FOLDER_PATH}/Alamofire.framework",
				"${TARGET_BUILD_DIR}/${FRAMEWORKS_FOLDER_PATH}/AlamofireImage.framework",
				"${TARGET_BUILD_DIR}/${FRAMEWORKS_FOLDER_PATH}/Floaty.framework",
				"${TARGET_BUILD_DIR}/${FRAMEWORKS_FOLDER_PATH}/Moya.framework",
				"${TARGET_BUILD_DIR}/${FRAMEWORKS_FOLDER_PATH}/Result.framework",
				"${TARGET_BUILD_DIR}/${FRAMEWORKS_FOLDER_PATH}/Lottie.framework",
			);
			runOnlyForDeploymentPostprocessing = 0;
			shellPath = /bin/sh;
			shellScript = "\"${PODS_ROOT}/Target Support Files/Pods-YakGGUK/Pods-YakGGUK-frameworks.sh\"\n";
			showEnvVarsInLog = 0;
		};
/* End PBXShellScriptBuildPhase section */

/* Begin PBXSourcesBuildPhase section */
		BE84E70021A954BD00A507FB /* Sources */ = {
			isa = PBXSourcesBuildPhase;
			buildActionMask = 2147483647;
			files = (
				BE7000DC22157AA50049377D /* MinutePickerView.swift in Sources */,
				BE2CF22B220E82CE007ECCB3 /* FirstSettingDinnerIVC.swift in Sources */,
				D59F73FD21A98D1700D275A0 /* SearchResultTableViewCell.swift in Sources */,
				D561E46E21E2336500DF5B34 /* MedicineModel.swift in Sources */,
				BEE70E8921A98650003EA767 /* AlarmViewController.swift in Sources */,
				DC31E22C220EFC1F0038DCE0 /* DateSettingViewController.swift in Sources */,
				D5CCA1462216BB590055D264 /* PillDetailCellType.swift in Sources */,
				D561E47521E2338900DF5B34 /* UILabel+Spacing.swift in Sources */,
				BE2CF225220E7F62007ECCB3 /* PageIndicator.swift in Sources */,
				BE760AFD221B6A180069BB61 /* AlarmPageIndicator.swift in Sources */,
				D5DA8BD021A9BA9600F963B0 /* CheckBoxButton.swift in Sources */,
				D59F73EF21A97F5A00D275A0 /* SearchMedicineViewController.swift in Sources */,
				BE2CF22D220E82DF007ECCB3 /* FirstSettingSleepIVC.swift in Sources */,
				BE2CF227220E8285007ECCB3 /* FirstSettingWakeUpIVC.swift in Sources */,
				D5DA8BD721A9CDBD00F963B0 /* AlarmTableViewCell.swift in Sources */,
				D5CCA1482216D1850055D264 /* NetworkProvider.swift in Sources */,
				D561E47321E2336500DF5B34 /* AlarmView.swift in Sources */,
				D5DA8BD221A9C27900F963B0 /* RegisterAlarmViewController.swift in Sources */,
				BE7000C82215643B0049377D /* TimeView.swift in Sources */,
				BEC53F8021FC54A400DA6FA6 /* UIView+Color.swift in Sources */,
				D5378292220AE4D100336646 /* GradientDirection.swift in Sources */,
				BE760AFF221B6A5F0069BB61 /* AlarmMedicinePageView.swift in Sources */,
				D5CCA1422216B76B0055D264 /* Pill.swift in Sources */,
				D56518E521B903C500E8F6C4 /* UIViewController+Color.swift in Sources */,
				D561E47221E2336500DF5B34 /* NoAlarmView.swift in Sources */,
				D561E46F21E2336500DF5B34 /* AlarmModel.swift in Sources */,
				BEE70E8621A98527003EA767 /* AlarmListNavigationController.swift in Sources */,
				D5CCA13E2216AAF30055D264 /* PillDetailTableViewCell.swift in Sources */,
				BE84E70A21A954BD00A507FB /* ViewController.swift in Sources */,
				D5B65ED621B9378C003E6886 /* UiView+Shadow.swift in Sources */,
				D5CCA1402216AE150055D264 /* Api.swift in Sources */,
				BE903DCA2216DEEE0073CD22 /* LocalDataCenter.swift in Sources */,
				DC22B71B220FFB75002D6D99 /* AlarmRegistManager.swift in Sources */,
				D561E47821E23AAF00DF5B34 /* BarcodeScanViewController.swift in Sources */,
				BE7000DE22157AB10049377D /* AmPmPickerView.swift in Sources */,
				BE69C23B21FA82EC004AC050 /* FirstSettingViewController.swift in Sources */,
				DC22B719220FE824002D6D99 /* AlarmClockView.swift in Sources */,
				D59F73E321A97E7900D275A0 /* Member.swift in Sources */,
				BE7000E52215A2280049377D /* AlarmTime.swift in Sources */,
				D56518E321B8EDB400E8F6C4 /* HintSearchBar.swift in Sources */,
				BED0C479221A0B9E00900AB3 /* SplashViewController.swift in Sources */,
				D561E47021E2336500DF5B34 /* MedicineTableViewCell.swift in Sources */,
				BE760AFB221B69E40069BB61 /* AlarmPageViewController.swift in Sources */,
				BE84E70821A954BD00A507FB /* AppDelegate.swift in Sources */,
				D5DA8BD921A9D72000F963B0 /* Alarm.swift in Sources */,
				D5CCA1442216B7F50055D264 /* PillDetailViewController.swift in Sources */,
				D561E47121E2336500DF5B34 /* AlarmListTableViewCell.swift in Sources */,
				DC31E22E220F17940038DCE0 /* SoundSettingViewController.swift in Sources */,
				D5DA8BDC21A9D86F00F963B0 /* UINavigationController+Transition.swift in Sources */,
				BE9DAF82221A186700C2F741 /* AlarmSegmentControl.swift in Sources */,
				BE7000DA22157A960049377D /* HourPickerView.swift in Sources */,
				BE2CF229220E82BC007ECCB3 /* FirstSettingLunchIVC.swift in Sources */,
			);
			runOnlyForDeploymentPostprocessing = 0;
		};
/* End PBXSourcesBuildPhase section */

/* Begin PBXVariantGroup section */
		BE84E71021A954BF00A507FB /* LaunchScreen.storyboard */ = {
			isa = PBXVariantGroup;
			children = (
				BE84E71121A954BF00A507FB /* Base */,
			);
			name = LaunchScreen.storyboard;
			sourceTree = "<group>";
		};
/* End PBXVariantGroup section */

/* Begin XCBuildConfiguration section */
		BE84E71421A954BF00A507FB /* Debug */ = {
			isa = XCBuildConfiguration;
			buildSettings = {
				ALWAYS_SEARCH_USER_PATHS = NO;
				CLANG_ANALYZER_NONNULL = YES;
				CLANG_ANALYZER_NUMBER_OBJECT_CONVERSION = YES_AGGRESSIVE;
				CLANG_CXX_LANGUAGE_STANDARD = "gnu++14";
				CLANG_CXX_LIBRARY = "libc++";
				CLANG_ENABLE_MODULES = YES;
				CLANG_ENABLE_OBJC_ARC = YES;
				CLANG_ENABLE_OBJC_WEAK = YES;
				CLANG_WARN_BLOCK_CAPTURE_AUTORELEASING = YES;
				CLANG_WARN_BOOL_CONVERSION = YES;
				CLANG_WARN_COMMA = YES;
				CLANG_WARN_CONSTANT_CONVERSION = YES;
				CLANG_WARN_DEPRECATED_OBJC_IMPLEMENTATIONS = YES;
				CLANG_WARN_DIRECT_OBJC_ISA_USAGE = YES_ERROR;
				CLANG_WARN_DOCUMENTATION_COMMENTS = YES;
				CLANG_WARN_EMPTY_BODY = YES;
				CLANG_WARN_ENUM_CONVERSION = YES;
				CLANG_WARN_INFINITE_RECURSION = YES;
				CLANG_WARN_INT_CONVERSION = YES;
				CLANG_WARN_NON_LITERAL_NULL_CONVERSION = YES;
				CLANG_WARN_OBJC_IMPLICIT_RETAIN_SELF = YES;
				CLANG_WARN_OBJC_LITERAL_CONVERSION = YES;
				CLANG_WARN_OBJC_ROOT_CLASS = YES_ERROR;
				CLANG_WARN_RANGE_LOOP_ANALYSIS = YES;
				CLANG_WARN_STRICT_PROTOTYPES = YES;
				CLANG_WARN_SUSPICIOUS_MOVE = YES;
				CLANG_WARN_UNGUARDED_AVAILABILITY = YES_AGGRESSIVE;
				CLANG_WARN_UNREACHABLE_CODE = YES;
				CLANG_WARN__DUPLICATE_METHOD_MATCH = YES;
				CODE_SIGN_IDENTITY = "iPhone Developer";
				COPY_PHASE_STRIP = NO;
				DEBUG_INFORMATION_FORMAT = dwarf;
				ENABLE_STRICT_OBJC_MSGSEND = YES;
				ENABLE_TESTABILITY = YES;
				GCC_C_LANGUAGE_STANDARD = gnu11;
				GCC_DYNAMIC_NO_PIC = NO;
				GCC_NO_COMMON_BLOCKS = YES;
				GCC_OPTIMIZATION_LEVEL = 0;
				GCC_PREPROCESSOR_DEFINITIONS = (
					"DEBUG=1",
					"$(inherited)",
				);
				GCC_WARN_64_TO_32_BIT_CONVERSION = YES;
				GCC_WARN_ABOUT_RETURN_TYPE = YES_ERROR;
				GCC_WARN_UNDECLARED_SELECTOR = YES;
				GCC_WARN_UNINITIALIZED_AUTOS = YES_AGGRESSIVE;
				GCC_WARN_UNUSED_FUNCTION = YES;
				GCC_WARN_UNUSED_VARIABLE = YES;
				IPHONEOS_DEPLOYMENT_TARGET = 12.1;
				MTL_ENABLE_DEBUG_INFO = INCLUDE_SOURCE;
				MTL_FAST_MATH = YES;
				ONLY_ACTIVE_ARCH = YES;
				SDKROOT = iphoneos;
				SWIFT_ACTIVE_COMPILATION_CONDITIONS = DEBUG;
				SWIFT_OPTIMIZATION_LEVEL = "-Onone";
			};
			name = Debug;
		};
		BE84E71521A954BF00A507FB /* Release */ = {
			isa = XCBuildConfiguration;
			buildSettings = {
				ALWAYS_SEARCH_USER_PATHS = NO;
				CLANG_ANALYZER_NONNULL = YES;
				CLANG_ANALYZER_NUMBER_OBJECT_CONVERSION = YES_AGGRESSIVE;
				CLANG_CXX_LANGUAGE_STANDARD = "gnu++14";
				CLANG_CXX_LIBRARY = "libc++";
				CLANG_ENABLE_MODULES = YES;
				CLANG_ENABLE_OBJC_ARC = YES;
				CLANG_ENABLE_OBJC_WEAK = YES;
				CLANG_WARN_BLOCK_CAPTURE_AUTORELEASING = YES;
				CLANG_WARN_BOOL_CONVERSION = YES;
				CLANG_WARN_COMMA = YES;
				CLANG_WARN_CONSTANT_CONVERSION = YES;
				CLANG_WARN_DEPRECATED_OBJC_IMPLEMENTATIONS = YES;
				CLANG_WARN_DIRECT_OBJC_ISA_USAGE = YES_ERROR;
				CLANG_WARN_DOCUMENTATION_COMMENTS = YES;
				CLANG_WARN_EMPTY_BODY = YES;
				CLANG_WARN_ENUM_CONVERSION = YES;
				CLANG_WARN_INFINITE_RECURSION = YES;
				CLANG_WARN_INT_CONVERSION = YES;
				CLANG_WARN_NON_LITERAL_NULL_CONVERSION = YES;
				CLANG_WARN_OBJC_IMPLICIT_RETAIN_SELF = YES;
				CLANG_WARN_OBJC_LITERAL_CONVERSION = YES;
				CLANG_WARN_OBJC_ROOT_CLASS = YES_ERROR;
				CLANG_WARN_RANGE_LOOP_ANALYSIS = YES;
				CLANG_WARN_STRICT_PROTOTYPES = YES;
				CLANG_WARN_SUSPICIOUS_MOVE = YES;
				CLANG_WARN_UNGUARDED_AVAILABILITY = YES_AGGRESSIVE;
				CLANG_WARN_UNREACHABLE_CODE = YES;
				CLANG_WARN__DUPLICATE_METHOD_MATCH = YES;
				CODE_SIGN_IDENTITY = "iPhone Developer";
				COPY_PHASE_STRIP = NO;
				DEBUG_INFORMATION_FORMAT = "dwarf-with-dsym";
				ENABLE_NS_ASSERTIONS = NO;
				ENABLE_STRICT_OBJC_MSGSEND = YES;
				GCC_C_LANGUAGE_STANDARD = gnu11;
				GCC_NO_COMMON_BLOCKS = YES;
				GCC_WARN_64_TO_32_BIT_CONVERSION = YES;
				GCC_WARN_ABOUT_RETURN_TYPE = YES_ERROR;
				GCC_WARN_UNDECLARED_SELECTOR = YES;
				GCC_WARN_UNINITIALIZED_AUTOS = YES_AGGRESSIVE;
				GCC_WARN_UNUSED_FUNCTION = YES;
				GCC_WARN_UNUSED_VARIABLE = YES;
				IPHONEOS_DEPLOYMENT_TARGET = 12.1;
				MTL_ENABLE_DEBUG_INFO = NO;
				MTL_FAST_MATH = YES;
				SDKROOT = iphoneos;
				SWIFT_COMPILATION_MODE = wholemodule;
				SWIFT_OPTIMIZATION_LEVEL = "-O";
				VALIDATE_PRODUCT = YES;
			};
			name = Release;
		};
		BE84E71721A954BF00A507FB /* Debug */ = {
			isa = XCBuildConfiguration;
			baseConfigurationReference = 6BBF346AB41CCEDFDDBB8CB4 /* Pods-YakGGUK.debug.xcconfig */;
			buildSettings = {
				ASSETCATALOG_COMPILER_APPICON_NAME = AppIcon;
				CODE_SIGN_STYLE = Manual;
				DEVELOPMENT_TEAM = FPY265UZF4;
				INFOPLIST_FILE = "$(SRCROOT)/YakGGUK/Info.plist";
				LD_RUNPATH_SEARCH_PATHS = (
					"$(inherited)",
					"@executable_path/Frameworks",
				);
				PRODUCT_BUNDLE_IDENTIFIER = kr.co.mashup.Secret;
				PRODUCT_NAME = "$(TARGET_NAME)";
				PROVISIONING_PROFILE_SPECIFIER = MedicineAlarm;
				SWIFT_VERSION = 4.2;
				TARGETED_DEVICE_FAMILY = 1;
			};
			name = Debug;
		};
		BE84E71821A954BF00A507FB /* Release */ = {
			isa = XCBuildConfiguration;
			baseConfigurationReference = E67BFB6931EAD8D2F54086A1 /* Pods-YakGGUK.release.xcconfig */;
			buildSettings = {
				ASSETCATALOG_COMPILER_APPICON_NAME = AppIcon;
				CODE_SIGN_STYLE = Manual;
				DEVELOPMENT_TEAM = FPY265UZF4;
				INFOPLIST_FILE = "$(SRCROOT)/YakGGUK/Info.plist";
				LD_RUNPATH_SEARCH_PATHS = (
					"$(inherited)",
					"@executable_path/Frameworks",
				);
				PRODUCT_BUNDLE_IDENTIFIER = kr.co.mashup.Secret;
				PRODUCT_NAME = "$(TARGET_NAME)";
				PROVISIONING_PROFILE_SPECIFIER = MedicineAlarm;
				SWIFT_VERSION = 4.2;
				TARGETED_DEVICE_FAMILY = 1;
			};
			name = Release;
		};
/* End XCBuildConfiguration section */

/* Begin XCConfigurationList section */
		BE84E6FF21A954BD00A507FB /* Build configuration list for PBXProject "YakGGUK" */ = {
			isa = XCConfigurationList;
			buildConfigurations = (
				BE84E71421A954BF00A507FB /* Debug */,
				BE84E71521A954BF00A507FB /* Release */,
			);
			defaultConfigurationIsVisible = 0;
			defaultConfigurationName = Release;
		};
		BE84E71621A954BF00A507FB /* Build configuration list for PBXNativeTarget "YakGGUK" */ = {
			isa = XCConfigurationList;
			buildConfigurations = (
				BE84E71721A954BF00A507FB /* Debug */,
				BE84E71821A954BF00A507FB /* Release */,
			);
			defaultConfigurationIsVisible = 0;
			defaultConfigurationName = Release;
		};
/* End XCConfigurationList section */
	};
	rootObject = BE84E6FC21A954BD00A507FB /* Project object */;
}
