// !$*UTF8*$!
{
	archiveVersion = 1;
	classes = {
	};
	objectVersion = 50;
	objects = {

/* Begin PBXBuildFile section */
		BE84E70821A954BD00A507FB /* AppDelegate.swift in Sources */ = {isa = PBXBuildFile; fileRef = BE84E70721A954BD00A507FB /* AppDelegate.swift */; };
		BE84E70A21A954BD00A507FB /* ViewController.swift in Sources */ = {isa = PBXBuildFile; fileRef = BE84E70921A954BD00A507FB /* ViewController.swift */; };
		BE84E70D21A954BD00A507FB /* Main.storyboard in Resources */ = {isa = PBXBuildFile; fileRef = BE84E70B21A954BD00A507FB /* Main.storyboard */; };
		BE84E70F21A954BF00A507FB /* Assets.xcassets in Resources */ = {isa = PBXBuildFile; fileRef = BE84E70E21A954BF00A507FB /* Assets.xcassets */; };
		BE84E71221A954BF00A507FB /* LaunchScreen.storyboard in Resources */ = {isa = PBXBuildFile; fileRef = BE84E71021A954BF00A507FB /* LaunchScreen.storyboard */; };
		BEE70E8421A983A3003EA767 /* AlarmListNavigationController.storyboard in Resources */ = {isa = PBXBuildFile; fileRef = BEE70E8321A983A3003EA767 /* AlarmListNavigationController.storyboard */; };
		BEE70E8621A98527003EA767 /* AlarmListNavigationController.swift in Sources */ = {isa = PBXBuildFile; fileRef = BEE70E8521A98527003EA767 /* AlarmListNavigationController.swift */; };
		BEE70E8921A98650003EA767 /* AlarmViewController.swift in Sources */ = {isa = PBXBuildFile; fileRef = BEE70E8821A98650003EA767 /* AlarmViewController.swift */; };
		BEE70E8B21A9866E003EA767 /* AlarmViewController.storyboard in Resources */ = {isa = PBXBuildFile; fileRef = BEE70E8A21A9866E003EA767 /* AlarmViewController.storyboard */; };
		BEE70E8F21A98934003EA767 /* AlarmCell.swift in Sources */ = {isa = PBXBuildFile; fileRef = BEE70E8E21A98934003EA767 /* AlarmCell.swift */; };
		BEE70E9121A98C16003EA767 /* AlarmModel.swift in Sources */ = {isa = PBXBuildFile; fileRef = BEE70E9021A98C16003EA767 /* AlarmModel.swift */; };
		BEE70E9321A98DEE003EA767 /* MedicineModel.swift in Sources */ = {isa = PBXBuildFile; fileRef = BEE70E9221A98DEE003EA767 /* MedicineModel.swift */; };
		BEE70E9521A9976F003EA767 /* AlarmDetailCell.swift in Sources */ = {isa = PBXBuildFile; fileRef = BEE70E9421A9976F003EA767 /* AlarmDetailCell.swift */; };
		BEE70E9721A9977D003EA767 /* NoAlarmCell.swift in Sources */ = {isa = PBXBuildFile; fileRef = BEE70E9621A9977D003EA767 /* NoAlarmCell.swift */; };
		BEE70E9921A9ACE8003EA767 /* MedicineCell.swift in Sources */ = {isa = PBXBuildFile; fileRef = BEE70E9821A9ACE8003EA767 /* MedicineCell.swift */; };
		D50DE0F421B8B01700F8D920 /* Color.xcassets in Resources */ = {isa = PBXBuildFile; fileRef = D50DE0F321B8B01700F8D920 /* Color.xcassets */; };
		D56518E321B8EDB400E8F6C4 /* GradientSearchBar.swift in Sources */ = {isa = PBXBuildFile; fileRef = D56518E221B8EDB400E8F6C4 /* GradientSearchBar.swift */; };
		D56518E521B903C500E8F6C4 /* UIViewController+Color.swift in Sources */ = {isa = PBXBuildFile; fileRef = D56518E421B903C500E8F6C4 /* UIViewController+Color.swift */; };
		D56A6E0A21A9F02D003B7FAE /* BarcodeScanViewController.swift in Sources */ = {isa = PBXBuildFile; fileRef = D56A6E0921A9F02D003B7FAE /* BarcodeScanViewController.swift */; };
		D59F73E321A97E7900D275A0 /* Member.swift in Sources */ = {isa = PBXBuildFile; fileRef = D59F73E221A97E7900D275A0 /* Member.swift */; };
		D59F73EF21A97F5A00D275A0 /* SearchMedicineViewController.swift in Sources */ = {isa = PBXBuildFile; fileRef = D59F73EE21A97F5A00D275A0 /* SearchMedicineViewController.swift */; };
		D59F73FA21A9886E00D275A0 /* Search.storyboard in Resources */ = {isa = PBXBuildFile; fileRef = D59F73F921A9886E00D275A0 /* Search.storyboard */; };
		D59F73FD21A98D1700D275A0 /* SearchResultTableViewCell.swift in Sources */ = {isa = PBXBuildFile; fileRef = D59F73FC21A98D1700D275A0 /* SearchResultTableViewCell.swift */; };
		D5B65ED621B9378C003E6886 /* UiView+Shadow.swift in Sources */ = {isa = PBXBuildFile; fileRef = D5B65ED521B9378C003E6886 /* UiView+Shadow.swift */; };
		D5DA8BD021A9BA9600F963B0 /* CheckBoxButton.swift in Sources */ = {isa = PBXBuildFile; fileRef = D5DA8BCF21A9BA9600F963B0 /* CheckBoxButton.swift */; };
		D5DA8BD221A9C27900F963B0 /* RegisterAlarmViewController.swift in Sources */ = {isa = PBXBuildFile; fileRef = D5DA8BD121A9C27900F963B0 /* RegisterAlarmViewController.swift */; };
		D5DA8BD521A9C7AB00F963B0 /* CheckBoxButton.xib in Resources */ = {isa = PBXBuildFile; fileRef = D5DA8BD421A9C7AB00F963B0 /* CheckBoxButton.xib */; };
		D5DA8BD721A9CDBD00F963B0 /* AlarmTableViewCell.swift in Sources */ = {isa = PBXBuildFile; fileRef = D5DA8BD621A9CDBD00F963B0 /* AlarmTableViewCell.swift */; };
		D5DA8BD921A9D72000F963B0 /* Alarm.swift in Sources */ = {isa = PBXBuildFile; fileRef = D5DA8BD821A9D72000F963B0 /* Alarm.swift */; };
		D5DA8BDC21A9D86F00F963B0 /* UINavigationController+Transition.swift in Sources */ = {isa = PBXBuildFile; fileRef = D5DA8BDB21A9D86F00F963B0 /* UINavigationController+Transition.swift */; };
		EA7889502714CD4DD2D45BEB /* Pods_YakGGUK.framework in Frameworks */ = {isa = PBXBuildFile; fileRef = 6C9019A93A8CD30B152FF684 /* Pods_YakGGUK.framework */; };
/* End PBXBuildFile section */

/* Begin PBXFileReference section */
		6BBF346AB41CCEDFDDBB8CB4 /* Pods-YakGGUK.debug.xcconfig */ = {isa = PBXFileReference; includeInIndex = 1; lastKnownFileType = text.xcconfig; name = "Pods-YakGGUK.debug.xcconfig"; path = "Pods/Target Support Files/Pods-YakGGUK/Pods-YakGGUK.debug.xcconfig"; sourceTree = "<group>"; };
		6C9019A93A8CD30B152FF684 /* Pods_YakGGUK.framework */ = {isa = PBXFileReference; explicitFileType = wrapper.framework; includeInIndex = 0; path = Pods_YakGGUK.framework; sourceTree = BUILT_PRODUCTS_DIR; };
		BE84E70421A954BD00A507FB /* YakGGUK.app */ = {isa = PBXFileReference; explicitFileType = wrapper.application; includeInIndex = 0; path = YakGGUK.app; sourceTree = BUILT_PRODUCTS_DIR; };
		BE84E70721A954BD00A507FB /* AppDelegate.swift */ = {isa = PBXFileReference; lastKnownFileType = sourcecode.swift; path = AppDelegate.swift; sourceTree = "<group>"; };
		BE84E70921A954BD00A507FB /* ViewController.swift */ = {isa = PBXFileReference; lastKnownFileType = sourcecode.swift; path = ViewController.swift; sourceTree = "<group>"; };
		BE84E70C21A954BD00A507FB /* Base */ = {isa = PBXFileReference; lastKnownFileType = file.storyboard; name = Base; path = Base.lproj/Main.storyboard; sourceTree = "<group>"; };
		BE84E70E21A954BF00A507FB /* Assets.xcassets */ = {isa = PBXFileReference; lastKnownFileType = folder.assetcatalog; path = Assets.xcassets; sourceTree = "<group>"; };
		BE84E71121A954BF00A507FB /* Base */ = {isa = PBXFileReference; lastKnownFileType = file.storyboard; name = Base; path = Base.lproj/LaunchScreen.storyboard; sourceTree = "<group>"; };
		BE84E71321A954BF00A507FB /* Info.plist */ = {isa = PBXFileReference; lastKnownFileType = text.plist.xml; path = Info.plist; sourceTree = "<group>"; };
		BEE70E8321A983A3003EA767 /* AlarmListNavigationController.storyboard */ = {isa = PBXFileReference; lastKnownFileType = file.storyboard; path = AlarmListNavigationController.storyboard; sourceTree = "<group>"; };
		BEE70E8521A98527003EA767 /* AlarmListNavigationController.swift */ = {isa = PBXFileReference; lastKnownFileType = sourcecode.swift; path = AlarmListNavigationController.swift; sourceTree = "<group>"; };
		BEE70E8821A98650003EA767 /* AlarmViewController.swift */ = {isa = PBXFileReference; lastKnownFileType = sourcecode.swift; path = AlarmViewController.swift; sourceTree = "<group>"; };
		BEE70E8A21A9866E003EA767 /* AlarmViewController.storyboard */ = {isa = PBXFileReference; lastKnownFileType = file.storyboard; path = AlarmViewController.storyboard; sourceTree = "<group>"; };
		BEE70E8E21A98934003EA767 /* AlarmCell.swift */ = {isa = PBXFileReference; lastKnownFileType = sourcecode.swift; path = AlarmCell.swift; sourceTree = "<group>"; };
		BEE70E9021A98C16003EA767 /* AlarmModel.swift */ = {isa = PBXFileReference; lastKnownFileType = sourcecode.swift; path = AlarmModel.swift; sourceTree = "<group>"; };
		BEE70E9221A98DEE003EA767 /* MedicineModel.swift */ = {isa = PBXFileReference; lastKnownFileType = sourcecode.swift; path = MedicineModel.swift; sourceTree = "<group>"; };
		BEE70E9421A9976F003EA767 /* AlarmDetailCell.swift */ = {isa = PBXFileReference; lastKnownFileType = sourcecode.swift; path = AlarmDetailCell.swift; sourceTree = "<group>"; };
		BEE70E9621A9977D003EA767 /* NoAlarmCell.swift */ = {isa = PBXFileReference; lastKnownFileType = sourcecode.swift; path = NoAlarmCell.swift; sourceTree = "<group>"; };
		BEE70E9821A9ACE8003EA767 /* MedicineCell.swift */ = {isa = PBXFileReference; lastKnownFileType = sourcecode.swift; path = MedicineCell.swift; sourceTree = "<group>"; };
		D50DE0F321B8B01700F8D920 /* Color.xcassets */ = {isa = PBXFileReference; lastKnownFileType = folder.assetcatalog; path = Color.xcassets; sourceTree = "<group>"; };
		D56518E221B8EDB400E8F6C4 /* GradientSearchBar.swift */ = {isa = PBXFileReference; lastKnownFileType = sourcecode.swift; path = GradientSearchBar.swift; sourceTree = "<group>"; };
		D56518E421B903C500E8F6C4 /* UIViewController+Color.swift */ = {isa = PBXFileReference; lastKnownFileType = sourcecode.swift; name = "UIViewController+Color.swift"; path = "YakGGUK/Assets.xcassets/UIViewController+Color.swift"; sourceTree = SOURCE_ROOT; };
		D56A6E0921A9F02D003B7FAE /* BarcodeScanViewController.swift */ = {isa = PBXFileReference; lastKnownFileType = sourcecode.swift; path = BarcodeScanViewController.swift; sourceTree = "<group>"; };
		D59F73E221A97E7900D275A0 /* Member.swift */ = {isa = PBXFileReference; lastKnownFileType = sourcecode.swift; path = Member.swift; sourceTree = "<group>"; };
		D59F73EE21A97F5A00D275A0 /* SearchMedicineViewController.swift */ = {isa = PBXFileReference; lastKnownFileType = sourcecode.swift; path = SearchMedicineViewController.swift; sourceTree = "<group>"; };
		D59F73F921A9886E00D275A0 /* Search.storyboard */ = {isa = PBXFileReference; lastKnownFileType = file.storyboard; path = Search.storyboard; sourceTree = "<group>"; };
		D59F73FC21A98D1700D275A0 /* SearchResultTableViewCell.swift */ = {isa = PBXFileReference; lastKnownFileType = sourcecode.swift; path = SearchResultTableViewCell.swift; sourceTree = "<group>"; };
		D5B65ED521B9378C003E6886 /* UiView+Shadow.swift */ = {isa = PBXFileReference; lastKnownFileType = sourcecode.swift; path = "UiView+Shadow.swift"; sourceTree = "<group>"; };
		D5DA8BCF21A9BA9600F963B0 /* CheckBoxButton.swift */ = {isa = PBXFileReference; lastKnownFileType = sourcecode.swift; path = CheckBoxButton.swift; sourceTree = "<group>"; };
		D5DA8BD121A9C27900F963B0 /* RegisterAlarmViewController.swift */ = {isa = PBXFileReference; lastKnownFileType = sourcecode.swift; path = RegisterAlarmViewController.swift; sourceTree = "<group>"; };
		D5DA8BD421A9C7AB00F963B0 /* CheckBoxButton.xib */ = {isa = PBXFileReference; lastKnownFileType = file.xib; path = CheckBoxButton.xib; sourceTree = "<group>"; };
		D5DA8BD621A9CDBD00F963B0 /* AlarmTableViewCell.swift */ = {isa = PBXFileReference; lastKnownFileType = sourcecode.swift; path = AlarmTableViewCell.swift; sourceTree = "<group>"; };
		D5DA8BD821A9D72000F963B0 /* Alarm.swift */ = {isa = PBXFileReference; lastKnownFileType = sourcecode.swift; path = Alarm.swift; sourceTree = "<group>"; };
		D5DA8BDB21A9D86F00F963B0 /* UINavigationController+Transition.swift */ = {isa = PBXFileReference; lastKnownFileType = sourcecode.swift; path = "UINavigationController+Transition.swift"; sourceTree = "<group>"; };
		E67BFB6931EAD8D2F54086A1 /* Pods-YakGGUK.release.xcconfig */ = {isa = PBXFileReference; includeInIndex = 1; lastKnownFileType = text.xcconfig; name = "Pods-YakGGUK.release.xcconfig"; path = "Pods/Target Support Files/Pods-YakGGUK/Pods-YakGGUK.release.xcconfig"; sourceTree = "<group>"; };
/* End PBXFileReference section */

/* Begin PBXFrameworksBuildPhase section */
		BE84E70121A954BD00A507FB /* Frameworks */ = {
			isa = PBXFrameworksBuildPhase;
			buildActionMask = 2147483647;
			files = (
				EA7889502714CD4DD2D45BEB /* Pods_YakGGUK.framework in Frameworks */,
			);
			runOnlyForDeploymentPostprocessing = 0;
		};
/* End PBXFrameworksBuildPhase section */

/* Begin PBXGroup section */
		06DD2C2D2EB806DAF8A87E6B /* Frameworks */ = {
			isa = PBXGroup;
			children = (
				6C9019A93A8CD30B152FF684 /* Pods_YakGGUK.framework */,
			);
			name = Frameworks;
			sourceTree = "<group>";
		};
		BE84E6FB21A954BD00A507FB = {
			isa = PBXGroup;
			children = (
				BE84E70621A954BD00A507FB /* YakGGUK */,
				BE84E70521A954BD00A507FB /* Products */,
				D9463A841448C99BA47C01A0 /* Pods */,
				06DD2C2D2EB806DAF8A87E6B /* Frameworks */,
			);
			sourceTree = "<group>";
		};
		BE84E70521A954BD00A507FB /* Products */ = {
			isa = PBXGroup;
			children = (
				BE84E70421A954BD00A507FB /* YakGGUK.app */,
			);
			name = Products;
			sourceTree = "<group>";
		};
		BE84E70621A954BD00A507FB /* YakGGUK */ = {
			isa = PBXGroup;
			children = (
				D5DA8BDA21A9D86500F963B0 /* Extensions */,
				BEE70E8121A98338003EA767 /* views */,
				D59F73E021A97E6400D275A0 /* Network */,
				BE84E70721A954BD00A507FB /* AppDelegate.swift */,
				BE84E70921A954BD00A507FB /* ViewController.swift */,
				BE84E70B21A954BD00A507FB /* Main.storyboard */,
				BE84E70E21A954BF00A507FB /* Assets.xcassets */,
				BE84E71021A954BF00A507FB /* LaunchScreen.storyboard */,
				BE84E71321A954BF00A507FB /* Info.plist */,
				D50DE0F321B8B01700F8D920 /* Color.xcassets */,
			);
			path = YakGGUK;
			sourceTree = "<group>";
		};
		BEE70E8121A98338003EA767 /* views */ = {
			isa = PBXGroup;
			children = (
				D59F73F821A9885D00D275A0 /* register */,
				BEE70E8221A9835D003EA767 /* alarmlist */,
			);
			path = views;
			sourceTree = "<group>";
		};
		BEE70E8221A9835D003EA767 /* alarmlist */ = {
			isa = PBXGroup;
			children = (
				BEE70E8721A98633003EA767 /* alarms */,
				BEE70E8321A983A3003EA767 /* AlarmListNavigationController.storyboard */,
				BEE70E8521A98527003EA767 /* AlarmListNavigationController.swift */,
			);
			path = alarmlist;
			sourceTree = "<group>";
		};
		BEE70E8721A98633003EA767 /* alarms */ = {
			isa = PBXGroup;
			children = (
				BEE70E8D21A98910003EA767 /* models */,
				BEE70E8C21A988F9003EA767 /* cells */,
				BEE70E8821A98650003EA767 /* AlarmViewController.swift */,
				BEE70E8A21A9866E003EA767 /* AlarmViewController.storyboard */,
			);
			path = alarms;
			sourceTree = "<group>";
		};
		BEE70E8C21A988F9003EA767 /* cells */ = {
			isa = PBXGroup;
			children = (
				BEE70E8E21A98934003EA767 /* AlarmCell.swift */,
				BEE70E9421A9976F003EA767 /* AlarmDetailCell.swift */,
				BEE70E9821A9ACE8003EA767 /* MedicineCell.swift */,
				BEE70E9621A9977D003EA767 /* NoAlarmCell.swift */,
			);
			path = cells;
			sourceTree = "<group>";
		};
		BEE70E8D21A98910003EA767 /* models */ = {
			isa = PBXGroup;
			children = (
				BEE70E9021A98C16003EA767 /* AlarmModel.swift */,
				BEE70E9221A98DEE003EA767 /* MedicineModel.swift */,
			);
			path = models;
			sourceTree = "<group>";
		};
		D59F73E021A97E6400D275A0 /* Network */ = {
			isa = PBXGroup;
			children = (
				D59F73E121A97E6C00D275A0 /* Model */,
			);
			path = Network;
			sourceTree = "<group>";
		};
		D59F73E121A97E6C00D275A0 /* Model */ = {
			isa = PBXGroup;
			children = (
				D59F73E221A97E7900D275A0 /* Member.swift */,
				D5DA8BD821A9D72000F963B0 /* Alarm.swift */,
			);
			path = Model;
			sourceTree = "<group>";
		};
		D59F73F821A9885D00D275A0 /* register */ = {
			isa = PBXGroup;
			children = (
				D5DA8BD321A9C78A00F963B0 /* view */,
				D59F73FB21A98CFD00D275A0 /* tableViewCell */,
				D59F73EE21A97F5A00D275A0 /* SearchMedicineViewController.swift */,
				D59F73F921A9886E00D275A0 /* Search.storyboard */,
				D5DA8BD121A9C27900F963B0 /* RegisterAlarmViewController.swift */,
				D56A6E0921A9F02D003B7FAE /* BarcodeScanViewController.swift */,
			);
			path = register;
			sourceTree = "<group>";
		};
		D59F73FB21A98CFD00D275A0 /* tableViewCell */ = {
			isa = PBXGroup;
			children = (
				D59F73FC21A98D1700D275A0 /* SearchResultTableViewCell.swift */,
				D5DA8BD621A9CDBD00F963B0 /* AlarmTableViewCell.swift */,
			);
			path = tableViewCell;
			sourceTree = "<group>";
		};
		D5DA8BD321A9C78A00F963B0 /* view */ = {
			isa = PBXGroup;
			children = (
				D5DA8BD421A9C7AB00F963B0 /* CheckBoxButton.xib */,
				D5DA8BCF21A9BA9600F963B0 /* CheckBoxButton.swift */,
				D56518E221B8EDB400E8F6C4 /* GradientSearchBar.swift */,
			);
			path = view;
			sourceTree = "<group>";
		};
		D5DA8BDA21A9D86500F963B0 /* Extensions */ = {
			isa = PBXGroup;
			children = (
				D5DA8BDB21A9D86F00F963B0 /* UINavigationController+Transition.swift */,
				D56518E421B903C500E8F6C4 /* UIViewController+Color.swift */,
				D5B65ED521B9378C003E6886 /* UiView+Shadow.swift */,
			);
			path = Extensions;
			sourceTree = "<group>";
		};
		D9463A841448C99BA47C01A0 /* Pods */ = {
			isa = PBXGroup;
			children = (
				6BBF346AB41CCEDFDDBB8CB4 /* Pods-YakGGUK.debug.xcconfig */,
				E67BFB6931EAD8D2F54086A1 /* Pods-YakGGUK.release.xcconfig */,
			);
			name = Pods;
			sourceTree = "<group>";
		};
/* End PBXGroup section */

/* Begin PBXNativeTarget section */
		BE84E70321A954BD00A507FB /* YakGGUK */ = {
			isa = PBXNativeTarget;
			buildConfigurationList = BE84E71621A954BF00A507FB /* Build configuration list for PBXNativeTarget "YakGGUK" */;
			buildPhases = (
				3D2CB6B762D62D278A73AF9B /* [CP] Check Pods Manifest.lock */,
				D59F73DE21A97B2A00D275A0 /* Swift Lint */,
				BE4B39D321B2790E006C907A /* Swift Lint 2 */,
				BE84E70021A954BD00A507FB /* Sources */,
				BE84E70121A954BD00A507FB /* Frameworks */,
				BE84E70221A954BD00A507FB /* Resources */,
				E1C418AFFC79372D9B7CC142 /* [CP] Embed Pods Frameworks */,
			);
			buildRules = (
			);
			dependencies = (
			);
			name = YakGGUK;
			productName = Secret;
			productReference = BE84E70421A954BD00A507FB /* YakGGUK.app */;
			productType = "com.apple.product-type.application";
		};
/* End PBXNativeTarget section */

/* Begin PBXProject section */
		BE84E6FC21A954BD00A507FB /* Project object */ = {
			isa = PBXProject;
			attributes = {
				LastSwiftUpdateCheck = 1010;
				LastUpgradeCheck = 1010;
				ORGANIZATIONNAME = team1;
				TargetAttributes = {
					BE84E70321A954BD00A507FB = {
						CreatedOnToolsVersion = 10.1;
					};
				};
			};
			buildConfigurationList = BE84E6FF21A954BD00A507FB /* Build configuration list for PBXProject "YakGGUK" */;
			compatibilityVersion = "Xcode 9.3";
			developmentRegion = en;
			hasScannedForEncodings = 0;
			knownRegions = (
				en,
				Base,
			);
			mainGroup = BE84E6FB21A954BD00A507FB;
			productRefGroup = BE84E70521A954BD00A507FB /* Products */;
			projectDirPath = "";
			projectRoot = "";
			targets = (
				BE84E70321A954BD00A507FB /* YakGGUK */,
			);
		};
/* End PBXProject section */

/* Begin PBXResourcesBuildPhase section */
		BE84E70221A954BD00A507FB /* Resources */ = {
			isa = PBXResourcesBuildPhase;
			buildActionMask = 2147483647;
			files = (
				BEE70E8421A983A3003EA767 /* AlarmListNavigationController.storyboard in Resources */,
				D50DE0F421B8B01700F8D920 /* Color.xcassets in Resources */,
				BE84E71221A954BF00A507FB /* LaunchScreen.storyboard in Resources */,
				BE84E70F21A954BF00A507FB /* Assets.xcassets in Resources */,
				BEE70E8B21A9866E003EA767 /* AlarmViewController.storyboard in Resources */,
				D59F73FA21A9886E00D275A0 /* Search.storyboard in Resources */,
				D5DA8BD521A9C7AB00F963B0 /* CheckBoxButton.xib in Resources */,
				BE84E70D21A954BD00A507FB /* Main.storyboard in Resources */,
			);
			runOnlyForDeploymentPostprocessing = 0;
		};
/* End PBXResourcesBuildPhase section */

/* Begin PBXShellScriptBuildPhase section */
		3D2CB6B762D62D278A73AF9B /* [CP] Check Pods Manifest.lock */ = {
			isa = PBXShellScriptBuildPhase;
			buildActionMask = 2147483647;
			files = (
			);
			inputPaths = (
				"${PODS_PODFILE_DIR_PATH}/Podfile.lock",
				"${PODS_ROOT}/Manifest.lock",
			);
			name = "[CP] Check Pods Manifest.lock";
			outputPaths = (
				"$(DERIVED_FILE_DIR)/Pods-YakGGUK-checkManifestLockResult.txt",
			);
			runOnlyForDeploymentPostprocessing = 0;
			shellPath = /bin/sh;
			shellScript = "diff \"${PODS_PODFILE_DIR_PATH}/Podfile.lock\" \"${PODS_ROOT}/Manifest.lock\" > /dev/null\nif [ $? != 0 ] ; then\n    # print error to STDERR\n    echo \"error: The sandbox is not in sync with the Podfile.lock. Run 'pod install' or update your CocoaPods installation.\" >&2\n    exit 1\nfi\n# This output is used by Xcode 'outputs' to avoid re-running this script phase.\necho \"SUCCESS\" > \"${SCRIPT_OUTPUT_FILE_0}\"\n";
			showEnvVarsInLog = 0;
		};
		BE4B39D321B2790E006C907A /* Swift Lint 2 */ = {
			isa = PBXShellScriptBuildPhase;
			buildActionMask = 2147483647;
			files = (
			);
			inputFileListPaths = (
			);
			inputPaths = (
			);
			name = "Swift Lint 2";
			outputFileListPaths = (
			);
			outputPaths = (
			);
			runOnlyForDeploymentPostprocessing = 0;
			shellPath = /bin/sh;
			shellScript = "if which swiftlint >/dev/null; then\nswiftlint\nelse\necho \"warning: SwiftLint not installed, download from https://github.com/realm/SwiftLint\"\nfi\n\n";
		};
		D59F73DE21A97B2A00D275A0 /* Swift Lint */ = {
			isa = PBXShellScriptBuildPhase;
			buildActionMask = 2147483647;
			files = (
			);
			inputPaths = (
			);
			name = "Swift Lint";
			outputPaths = (
			);
			runOnlyForDeploymentPostprocessing = 0;
			shellPath = /bin/sh;
			shellScript = "if which swiftlint >/dev/null; then\nswiftlint autocorrect\nelse\necho \"warning: SwiftLint not installed, download from https://github.com/realm/SwiftLint\"\nfi\n\n";
		};
		E1C418AFFC79372D9B7CC142 /* [CP] Embed Pods Frameworks */ = {
			isa = PBXShellScriptBuildPhase;
			buildActionMask = 2147483647;
			files = (
			);
			inputPaths = (
				"${SRCROOT}/Pods/Target Support Files/Pods-YakGGUK/Pods-YakGGUK-frameworks.sh",
				"${BUILT_PRODUCTS_DIR}/Alamofire/Alamofire.framework",
				"${BUILT_PRODUCTS_DIR}/AlamofireImage/AlamofireImage.framework",
				"${BUILT_PRODUCTS_DIR}/Floaty/Floaty.framework",
				"${BUILT_PRODUCTS_DIR}/Moya/Moya.framework",
				"${BUILT_PRODUCTS_DIR}/Result/Result.framework",
			);
			name = "[CP] Embed Pods Frameworks";
			outputPaths = (
				"${TARGET_BUILD_DIR}/${FRAMEWORKS_FOLDER_PATH}/Alamofire.framework",
				"${TARGET_BUILD_DIR}/${FRAMEWORKS_FOLDER_PATH}/AlamofireImage.framework",
				"${TARGET_BUILD_DIR}/${FRAMEWORKS_FOLDER_PATH}/Floaty.framework",
				"${TARGET_BUILD_DIR}/${FRAMEWORKS_FOLDER_PATH}/Moya.framework",
				"${TARGET_BUILD_DIR}/${FRAMEWORKS_FOLDER_PATH}/Result.framework",
			);
			runOnlyForDeploymentPostprocessing = 0;
			shellPath = /bin/sh;
			shellScript = "\"${SRCROOT}/Pods/Target Support Files/Pods-YakGGUK/Pods-YakGGUK-frameworks.sh\"\n";
			showEnvVarsInLog = 0;
		};
/* End PBXShellScriptBuildPhase section */

/* Begin PBXSourcesBuildPhase section */
		BE84E70021A954BD00A507FB /* Sources */ = {
			isa = PBXSourcesBuildPhase;
			buildActionMask = 2147483647;
			files = (
				D59F73FD21A98D1700D275A0 /* SearchResultTableViewCell.swift in Sources */,
				D56A6E0A21A9F02D003B7FAE /* BarcodeScanViewController.swift in Sources */,
				BEE70E8921A98650003EA767 /* AlarmViewController.swift in Sources */,
				D5DA8BD021A9BA9600F963B0 /* CheckBoxButton.swift in Sources */,
				D59F73EF21A97F5A00D275A0 /* SearchMedicineViewController.swift in Sources */,
				D5DA8BD721A9CDBD00F963B0 /* AlarmTableViewCell.swift in Sources */,
				D5DA8BD221A9C27900F963B0 /* RegisterAlarmViewController.swift in Sources */,
				BE84E70A21A954BD00A507FB /* ViewController.swift in Sources */,
				BEE70E9521A9976F003EA767 /* AlarmDetailCell.swift in Sources */,
				D56518E521B903C500E8F6C4 /* UIViewController+Color.swift in Sources */,
				BEE70E8921A98650003EA767 /* AlarmViewController.swift in Sources */,
				BEE70E8F21A98934003EA767 /* AlarmCell.swift in Sources */,
				BEE70E9921A9ACE8003EA767 /* MedicineCell.swift in Sources */,
				BEE70E8621A98527003EA767 /* AlarmListNavigationController.swift in Sources */,
				D59F73EF21A97F5A00D275A0 /* SearchMedicineViewController.swift in Sources */,
				BEE70E9321A98DEE003EA767 /* MedicineModel.swift in Sources */,
				BE84E70A21A954BD00A507FB /* ViewController.swift in Sources */,
				D5B65ED621B9378C003E6886 /* UiView+Shadow.swift in Sources */,
				BEE70E9721A9977D003EA767 /* NoAlarmCell.swift in Sources */,
				BEE70E9121A98C16003EA767 /* AlarmModel.swift in Sources */,
				D59F73E321A97E7900D275A0 /* Member.swift in Sources */,
				D56518E321B8EDB400E8F6C4 /* GradientSearchBar.swift in Sources */,
				BE84E70821A954BD00A507FB /* AppDelegate.swift in Sources */,
				D5DA8BD921A9D72000F963B0 /* Alarm.swift in Sources */,
				D5DA8BDC21A9D86F00F963B0 /* UINavigationController+Transition.swift in Sources */,
			);
			runOnlyForDeploymentPostprocessing = 0;
		};
/* End PBXSourcesBuildPhase section */

/* Begin PBXVariantGroup section */
		BE84E70B21A954BD00A507FB /* Main.storyboard */ = {
			isa = PBXVariantGroup;
			children = (
				BE84E70C21A954BD00A507FB /* Base */,
			);
			name = Main.storyboard;
			sourceTree = "<group>";
		};
		BE84E71021A954BF00A507FB /* LaunchScreen.storyboard */ = {
			isa = PBXVariantGroup;
			children = (
				BE84E71121A954BF00A507FB /* Base */,
			);
			name = LaunchScreen.storyboard;
			sourceTree = "<group>";
		};
/* End PBXVariantGroup section */

/* Begin XCBuildConfiguration section */
		BE84E71421A954BF00A507FB /* Debug */ = {
			isa = XCBuildConfiguration;
			buildSettings = {
				ALWAYS_SEARCH_USER_PATHS = NO;
				CLANG_ANALYZER_NONNULL = YES;
				CLANG_ANALYZER_NUMBER_OBJECT_CONVERSION = YES_AGGRESSIVE;
				CLANG_CXX_LANGUAGE_STANDARD = "gnu++14";
				CLANG_CXX_LIBRARY = "libc++";
				CLANG_ENABLE_MODULES = YES;
				CLANG_ENABLE_OBJC_ARC = YES;
				CLANG_ENABLE_OBJC_WEAK = YES;
				CLANG_WARN_BLOCK_CAPTURE_AUTORELEASING = YES;
				CLANG_WARN_BOOL_CONVERSION = YES;
				CLANG_WARN_COMMA = YES;
				CLANG_WARN_CONSTANT_CONVERSION = YES;
				CLANG_WARN_DEPRECATED_OBJC_IMPLEMENTATIONS = YES;
				CLANG_WARN_DIRECT_OBJC_ISA_USAGE = YES_ERROR;
				CLANG_WARN_DOCUMENTATION_COMMENTS = YES;
				CLANG_WARN_EMPTY_BODY = YES;
				CLANG_WARN_ENUM_CONVERSION = YES;
				CLANG_WARN_INFINITE_RECURSION = YES;
				CLANG_WARN_INT_CONVERSION = YES;
				CLANG_WARN_NON_LITERAL_NULL_CONVERSION = YES;
				CLANG_WARN_OBJC_IMPLICIT_RETAIN_SELF = YES;
				CLANG_WARN_OBJC_LITERAL_CONVERSION = YES;
				CLANG_WARN_OBJC_ROOT_CLASS = YES_ERROR;
				CLANG_WARN_RANGE_LOOP_ANALYSIS = YES;
				CLANG_WARN_STRICT_PROTOTYPES = YES;
				CLANG_WARN_SUSPICIOUS_MOVE = YES;
				CLANG_WARN_UNGUARDED_AVAILABILITY = YES_AGGRESSIVE;
				CLANG_WARN_UNREACHABLE_CODE = YES;
				CLANG_WARN__DUPLICATE_METHOD_MATCH = YES;
				CODE_SIGN_IDENTITY = "iPhone Developer";
				COPY_PHASE_STRIP = NO;
				DEBUG_INFORMATION_FORMAT = dwarf;
				ENABLE_STRICT_OBJC_MSGSEND = YES;
				ENABLE_TESTABILITY = YES;
				GCC_C_LANGUAGE_STANDARD = gnu11;
				GCC_DYNAMIC_NO_PIC = NO;
				GCC_NO_COMMON_BLOCKS = YES;
				GCC_OPTIMIZATION_LEVEL = 0;
				GCC_PREPROCESSOR_DEFINITIONS = (
					"DEBUG=1",
					"$(inherited)",
				);
				GCC_WARN_64_TO_32_BIT_CONVERSION = YES;
				GCC_WARN_ABOUT_RETURN_TYPE = YES_ERROR;
				GCC_WARN_UNDECLARED_SELECTOR = YES;
				GCC_WARN_UNINITIALIZED_AUTOS = YES_AGGRESSIVE;
				GCC_WARN_UNUSED_FUNCTION = YES;
				GCC_WARN_UNUSED_VARIABLE = YES;
				IPHONEOS_DEPLOYMENT_TARGET = 12.1;
				MTL_ENABLE_DEBUG_INFO = INCLUDE_SOURCE;
				MTL_FAST_MATH = YES;
				ONLY_ACTIVE_ARCH = YES;
				SDKROOT = iphoneos;
				SWIFT_ACTIVE_COMPILATION_CONDITIONS = DEBUG;
				SWIFT_OPTIMIZATION_LEVEL = "-Onone";
			};
			name = Debug;
		};
		BE84E71521A954BF00A507FB /* Release */ = {
			isa = XCBuildConfiguration;
			buildSettings = {
				ALWAYS_SEARCH_USER_PATHS = NO;
				CLANG_ANALYZER_NONNULL = YES;
				CLANG_ANALYZER_NUMBER_OBJECT_CONVERSION = YES_AGGRESSIVE;
				CLANG_CXX_LANGUAGE_STANDARD = "gnu++14";
				CLANG_CXX_LIBRARY = "libc++";
				CLANG_ENABLE_MODULES = YES;
				CLANG_ENABLE_OBJC_ARC = YES;
				CLANG_ENABLE_OBJC_WEAK = YES;
				CLANG_WARN_BLOCK_CAPTURE_AUTORELEASING = YES;
				CLANG_WARN_BOOL_CONVERSION = YES;
				CLANG_WARN_COMMA = YES;
				CLANG_WARN_CONSTANT_CONVERSION = YES;
				CLANG_WARN_DEPRECATED_OBJC_IMPLEMENTATIONS = YES;
				CLANG_WARN_DIRECT_OBJC_ISA_USAGE = YES_ERROR;
				CLANG_WARN_DOCUMENTATION_COMMENTS = YES;
				CLANG_WARN_EMPTY_BODY = YES;
				CLANG_WARN_ENUM_CONVERSION = YES;
				CLANG_WARN_INFINITE_RECURSION = YES;
				CLANG_WARN_INT_CONVERSION = YES;
				CLANG_WARN_NON_LITERAL_NULL_CONVERSION = YES;
				CLANG_WARN_OBJC_IMPLICIT_RETAIN_SELF = YES;
				CLANG_WARN_OBJC_LITERAL_CONVERSION = YES;
				CLANG_WARN_OBJC_ROOT_CLASS = YES_ERROR;
				CLANG_WARN_RANGE_LOOP_ANALYSIS = YES;
				CLANG_WARN_STRICT_PROTOTYPES = YES;
				CLANG_WARN_SUSPICIOUS_MOVE = YES;
				CLANG_WARN_UNGUARDED_AVAILABILITY = YES_AGGRESSIVE;
				CLANG_WARN_UNREACHABLE_CODE = YES;
				CLANG_WARN__DUPLICATE_METHOD_MATCH = YES;
				CODE_SIGN_IDENTITY = "iPhone Developer";
				COPY_PHASE_STRIP = NO;
				DEBUG_INFORMATION_FORMAT = "dwarf-with-dsym";
				ENABLE_NS_ASSERTIONS = NO;
				ENABLE_STRICT_OBJC_MSGSEND = YES;
				GCC_C_LANGUAGE_STANDARD = gnu11;
				GCC_NO_COMMON_BLOCKS = YES;
				GCC_WARN_64_TO_32_BIT_CONVERSION = YES;
				GCC_WARN_ABOUT_RETURN_TYPE = YES_ERROR;
				GCC_WARN_UNDECLARED_SELECTOR = YES;
				GCC_WARN_UNINITIALIZED_AUTOS = YES_AGGRESSIVE;
				GCC_WARN_UNUSED_FUNCTION = YES;
				GCC_WARN_UNUSED_VARIABLE = YES;
				IPHONEOS_DEPLOYMENT_TARGET = 12.1;
				MTL_ENABLE_DEBUG_INFO = NO;
				MTL_FAST_MATH = YES;
				SDKROOT = iphoneos;
				SWIFT_COMPILATION_MODE = wholemodule;
				SWIFT_OPTIMIZATION_LEVEL = "-O";
				VALIDATE_PRODUCT = YES;
			};
			name = Release;
		};
		BE84E71721A954BF00A507FB /* Debug */ = {
			isa = XCBuildConfiguration;
			baseConfigurationReference = 6BBF346AB41CCEDFDDBB8CB4 /* Pods-YakGGUK.debug.xcconfig */;
			buildSettings = {
				ASSETCATALOG_COMPILER_APPICON_NAME = AppIcon;
				CODE_SIGN_STYLE = Manual;
				DEVELOPMENT_TEAM = FPY265UZF4;
				INFOPLIST_FILE = "$(SRCROOT)/YakGGUK/Info.plist";
				LD_RUNPATH_SEARCH_PATHS = (
					"$(inherited)",
					"@executable_path/Frameworks",
				);
				PRODUCT_BUNDLE_IDENTIFIER = kr.co.mashup.Secret;
				PRODUCT_NAME = "$(TARGET_NAME)";
				PROVISIONING_PROFILE_SPECIFIER = MedicineAlarm;
				SWIFT_VERSION = 4.2;
				TARGETED_DEVICE_FAMILY = "1,2";
			};
			name = Debug;
		};
		BE84E71821A954BF00A507FB /* Release */ = {
			isa = XCBuildConfiguration;
			baseConfigurationReference = E67BFB6931EAD8D2F54086A1 /* Pods-YakGGUK.release.xcconfig */;
			buildSettings = {
				ASSETCATALOG_COMPILER_APPICON_NAME = AppIcon;
				CODE_SIGN_STYLE = Manual;
				DEVELOPMENT_TEAM = FPY265UZF4;
				INFOPLIST_FILE = "$(SRCROOT)/YakGGUK/Info.plist";
				LD_RUNPATH_SEARCH_PATHS = (
					"$(inherited)",
					"@executable_path/Frameworks",
				);
				PRODUCT_BUNDLE_IDENTIFIER = kr.co.mashup.Secret;
				PRODUCT_NAME = "$(TARGET_NAME)";
				PROVISIONING_PROFILE_SPECIFIER = MedicineAlarm;
				SWIFT_VERSION = 4.2;
				TARGETED_DEVICE_FAMILY = "1,2";
			};
			name = Release;
		};
/* End XCBuildConfiguration section */

/* Begin XCConfigurationList section */
		BE84E6FF21A954BD00A507FB /* Build configuration list for PBXProject "YakGGUK" */ = {
			isa = XCConfigurationList;
			buildConfigurations = (
				BE84E71421A954BF00A507FB /* Debug */,
				BE84E71521A954BF00A507FB /* Release */,
			);
			defaultConfigurationIsVisible = 0;
			defaultConfigurationName = Release;
		};
		BE84E71621A954BF00A507FB /* Build configuration list for PBXNativeTarget "YakGGUK" */ = {
			isa = XCConfigurationList;
			buildConfigurations = (
				BE84E71721A954BF00A507FB /* Debug */,
				BE84E71821A954BF00A507FB /* Release */,
			);
			defaultConfigurationIsVisible = 0;
			defaultConfigurationName = Release;
		};
/* End XCConfigurationList section */
	};
	rootObject = BE84E6FC21A954BD00A507FB /* Project object */;
}
